// !$*UTF8*$!
{
	archiveVersion = 1;
	classes = {
	};
	objectVersion = 55;
	objects = {

/* Begin PBXBuildFile section */
		8B2DA0D6C2CC043DF3C62FD4 /* Pods_GB_1640_ShopTests.framework in Frameworks */ = {isa = PBXBuildFile; fileRef = 3A5DF1E30EFCEA25B4CBA8AD /* Pods_GB_1640_ShopTests.framework */; };
		CB1FE90D994A20043E883613 /* Pods_GB_1640_Shop_GB_1640_ShopUITests.framework in Frameworks */ = {isa = PBXBuildFile; fileRef = 8A4DB73061008A2FC5D1127C /* Pods_GB_1640_Shop_GB_1640_ShopUITests.framework */; };
		E969D8CD0C385DC9EAD753EF /* Pods_GB_1640_Shop.framework in Frameworks */ = {isa = PBXBuildFile; fileRef = 15A5A34E52A9C196FCEBA6A4 /* Pods_GB_1640_Shop.framework */; };
		FE01348428059B96000DB8B6 /* LoginViewController.swift in Sources */ = {isa = PBXBuildFile; fileRef = FE01348328059B96000DB8B6 /* LoginViewController.swift */; };
		FE0134882806D44A000DB8B6 /* UserDataViewController.swift in Sources */ = {isa = PBXBuildFile; fileRef = FE0134872806D44A000DB8B6 /* UserDataViewController.swift */; };
		FE01348A2806D8B3000DB8B6 /* AvatarImageView.swift in Sources */ = {isa = PBXBuildFile; fileRef = FE0134892806D8B3000DB8B6 /* AvatarImageView.swift */; };
		FE01348C280731F3000DB8B6 /* RegistrationViewController.swift in Sources */ = {isa = PBXBuildFile; fileRef = FE01348B280731F3000DB8B6 /* RegistrationViewController.swift */; };
		FE01348F28081FB1000DB8B6 /* LoginViewModel.swift in Sources */ = {isa = PBXBuildFile; fileRef = FE01348E28081FB1000DB8B6 /* LoginViewModel.swift */; };
		FE0134912808205B000DB8B6 /* NetworkModel.swift in Sources */ = {isa = PBXBuildFile; fileRef = FE0134902808205B000DB8B6 /* NetworkModel.swift */; };
		FE013495280830E1000DB8B6 /* RegistrationViewModel.swift in Sources */ = {isa = PBXBuildFile; fileRef = FE013494280830E1000DB8B6 /* RegistrationViewModel.swift */; };
		FE013497280836CD000DB8B6 /* UserDataViewModel.swift in Sources */ = {isa = PBXBuildFile; fileRef = FE013496280836CD000DB8B6 /* UserDataViewModel.swift */; };
		FE2C11BD2811703F008EB888 /* GoodsDetailViewModel.swift in Sources */ = {isa = PBXBuildFile; fileRef = FE2C11BC2811703F008EB888 /* GoodsDetailViewModel.swift */; };
		FE2C11BF28118271008EB888 /* FontSizes.swift in Sources */ = {isa = PBXBuildFile; fileRef = FE2C11BE28118271008EB888 /* FontSizes.swift */; };
		FE2DBF22280D5A5C0012F945 /* GoodsListViewController.swift in Sources */ = {isa = PBXBuildFile; fileRef = FE2DBF21280D5A5C0012F945 /* GoodsListViewController.swift */; };
		FE2DBF25280D5AE50012F945 /* GoodsListTableViewCell.swift in Sources */ = {isa = PBXBuildFile; fileRef = FE2DBF23280D5AE50012F945 /* GoodsListTableViewCell.swift */; };
		FE2DBF26280D5AE50012F945 /* GoodsListTableViewCell.xib in Resources */ = {isa = PBXBuildFile; fileRef = FE2DBF24280D5AE50012F945 /* GoodsListTableViewCell.xib */; };
		FE2DBF28280D64DB0012F945 /* GoodsListViewModel.swift in Sources */ = {isa = PBXBuildFile; fileRef = FE2DBF27280D64DB0012F945 /* GoodsListViewModel.swift */; };
		FE399C3527D0C6E0002C9FA1 /* AppDelegate.swift in Sources */ = {isa = PBXBuildFile; fileRef = FE399C3427D0C6E0002C9FA1 /* AppDelegate.swift */; };
		FE399C3727D0C6E0002C9FA1 /* SceneDelegate.swift in Sources */ = {isa = PBXBuildFile; fileRef = FE399C3627D0C6E0002C9FA1 /* SceneDelegate.swift */; };
		FE399C3E27D0C6E0002C9FA1 /* Assets.xcassets in Resources */ = {isa = PBXBuildFile; fileRef = FE399C3D27D0C6E0002C9FA1 /* Assets.xcassets */; };
		FE399C4127D0C6E0002C9FA1 /* LaunchScreen.storyboard in Resources */ = {isa = PBXBuildFile; fileRef = FE399C3F27D0C6E0002C9FA1 /* LaunchScreen.storyboard */; };
		FE399C4C27D0C6E0002C9FA1 /* GB_1640_ShopTests.swift in Sources */ = {isa = PBXBuildFile; fileRef = FE399C4B27D0C6E0002C9FA1 /* GB_1640_ShopTests.swift */; };
		FE399C5627D0C6E0002C9FA1 /* GB_1640_ShopUITests.swift in Sources */ = {isa = PBXBuildFile; fileRef = FE399C5527D0C6E0002C9FA1 /* GB_1640_ShopUITests.swift */; };
		FE399C5827D0C6E0002C9FA1 /* GB_1640_ShopUITestsLaunchTests.swift in Sources */ = {isa = PBXBuildFile; fileRef = FE399C5727D0C6E0002C9FA1 /* GB_1640_ShopUITestsLaunchTests.swift */; };
		FE45B08E27F0908600E9F875 /* GB_1640_AuthTests.swift in Sources */ = {isa = PBXBuildFile; fileRef = FE45B08D27F0908600E9F875 /* GB_1640_AuthTests.swift */; };
		FE45B09027F09BD800E9F875 /* Good.swift in Sources */ = {isa = PBXBuildFile; fileRef = FE45B08F27F09BD800E9F875 /* Good.swift */; };
		FE45B09227F09C6700E9F875 /* GoodsList.swift in Sources */ = {isa = PBXBuildFile; fileRef = FE45B09127F09C6700E9F875 /* GoodsList.swift */; };
		FE45B09627F09D4B00E9F875 /* GoodsRequestFactory.swift in Sources */ = {isa = PBXBuildFile; fileRef = FE45B09527F09D4B00E9F875 /* GoodsRequestFactory.swift */; };
		FE45B09827F09E6D00E9F875 /* Goods.swift in Sources */ = {isa = PBXBuildFile; fileRef = FE45B09727F09E6D00E9F875 /* Goods.swift */; };
		FE45B09A27F0A01A00E9F875 /* GB_1640_GoodsTests.swift in Sources */ = {isa = PBXBuildFile; fileRef = FE45B09927F0A01A00E9F875 /* GB_1640_GoodsTests.swift */; };
		FE7CB0702811B540006FC92A /* ReviewFooterView.xib in Resources */ = {isa = PBXBuildFile; fileRef = FE7CB06F2811B540006FC92A /* ReviewFooterView.xib */; };
		FEA0C47928042A8E00565760 /* Basket.swift in Sources */ = {isa = PBXBuildFile; fileRef = FEA0C47828042A8E00565760 /* Basket.swift */; };
		FEA0C47B28042BB600565760 /* BasketRequestFactory.swift in Sources */ = {isa = PBXBuildFile; fileRef = FEA0C47A28042BB600565760 /* BasketRequestFactory.swift */; };
		FEA0C4812804345900565760 /* GB_1640_BasketTests.swift in Sources */ = {isa = PBXBuildFile; fileRef = FEA0C4802804345900565760 /* GB_1640_BasketTests.swift */; };
		FEAB426C280ED85900C22D17 /* GoodsDetailViewController.swift in Sources */ = {isa = PBXBuildFile; fileRef = FEAB426B280ED85900C22D17 /* GoodsDetailViewController.swift */; };
		FEAB426E280EE30700C22D17 /* NavigationController+Ext.swift in Sources */ = {isa = PBXBuildFile; fileRef = FEAB426D280EE30700C22D17 /* NavigationController+Ext.swift */; };
		FEAB42722811636B00C22D17 /* Reviews.swift in Sources */ = {isa = PBXBuildFile; fileRef = FEAB42712811636B00C22D17 /* Reviews.swift */; };
		FEAB42772811655D00C22D17 /* ReviewsTableViewCell.swift in Sources */ = {isa = PBXBuildFile; fileRef = FEAB42752811655D00C22D17 /* ReviewsTableViewCell.swift */; };
		FEAB42782811655D00C22D17 /* ReviewsTableViewCell.xib in Resources */ = {isa = PBXBuildFile; fileRef = FEAB42762811655D00C22D17 /* ReviewsTableViewCell.xib */; };
		FEC1EBA42811AE0C0051491E /* ReviewFooterView.swift in Sources */ = {isa = PBXBuildFile; fileRef = FEC1EBA22811AE0C0051491E /* ReviewFooterView.swift */; };
		FED7521827DA22A100E8AC56 /* AbstractErrorParser.swift in Sources */ = {isa = PBXBuildFile; fileRef = FED7521727DA22A100E8AC56 /* AbstractErrorParser.swift */; };
		FED7521A27DA22FC00E8AC56 /* ErrorParser.swift in Sources */ = {isa = PBXBuildFile; fileRef = FED7521927DA22FC00E8AC56 /* ErrorParser.swift */; };
		FED7521C27DA23A000E8AC56 /* DataRequest.swift in Sources */ = {isa = PBXBuildFile; fileRef = FED7521B27DA23A000E8AC56 /* DataRequest.swift */; };
		FED7521F27DA241400E8AC56 /* Alamofire in Frameworks */ = {isa = PBXBuildFile; productRef = FED7521E27DA241400E8AC56 /* Alamofire */; };
		FED7522127DA265500E8AC56 /* AbstractRequestFactory.swift in Sources */ = {isa = PBXBuildFile; fileRef = FED7522027DA265500E8AC56 /* AbstractRequestFactory.swift */; };
		FED7522327DA26D700E8AC56 /* RequestRouter.swift in Sources */ = {isa = PBXBuildFile; fileRef = FED7522227DA26D700E8AC56 /* RequestRouter.swift */; };
		FED7522827DA29D700E8AC56 /* User.swift in Sources */ = {isa = PBXBuildFile; fileRef = FED7522727DA29D700E8AC56 /* User.swift */; };
		FED7522B27DA2A2100E8AC56 /* AuthRequestFactory.swift in Sources */ = {isa = PBXBuildFile; fileRef = FED7522A27DA2A2100E8AC56 /* AuthRequestFactory.swift */; };
		FED7522D27DA2A9000E8AC56 /* Auth.swift in Sources */ = {isa = PBXBuildFile; fileRef = FED7522C27DA2A9000E8AC56 /* Auth.swift */; };
		FED7522F27DA2CBE00E8AC56 /* RequestFactory.swift in Sources */ = {isa = PBXBuildFile; fileRef = FED7522E27DA2CBE00E8AC56 /* RequestFactory.swift */; };
		FED7523327DA371D00E8AC56 /* ResponseResult.swift in Sources */ = {isa = PBXBuildFile; fileRef = FED7523227DA371D00E8AC56 /* ResponseResult.swift */; };
		FED7523B27DA428500E8AC56 /* MainView.storyboard in Resources */ = {isa = PBXBuildFile; fileRef = FED7523A27DA428500E8AC56 /* MainView.storyboard */; };
		FEF7F6322809A9600022F138 /* KeyboardHelper.swift in Sources */ = {isa = PBXBuildFile; fileRef = FEF7F6312809A9600022F138 /* KeyboardHelper.swift */; };
		FEFD348127F722D500BBCE2F /* ReviewRequestFactory.swift in Sources */ = {isa = PBXBuildFile; fileRef = FEFD348027F722D500BBCE2F /* ReviewRequestFactory.swift */; };
		FEFD348927F7242E00BBCE2F /* Review.swift in Sources */ = {isa = PBXBuildFile; fileRef = FEFD348827F7242E00BBCE2F /* Review.swift */; };
		FEFD348B27F728D700BBCE2F /* GB_1640_ReviewTests.swift in Sources */ = {isa = PBXBuildFile; fileRef = FEFD348A27F728D700BBCE2F /* GB_1640_ReviewTests.swift */; };
		FEFD348D27F7320F00BBCE2F /* ReviewListResponseResult.swift in Sources */ = {isa = PBXBuildFile; fileRef = FEFD348C27F7320F00BBCE2F /* ReviewListResponseResult.swift */; };
/* End PBXBuildFile section */

/* Begin PBXContainerItemProxy section */
		FE399C4827D0C6E0002C9FA1 /* PBXContainerItemProxy */ = {
			isa = PBXContainerItemProxy;
			containerPortal = FE399C2927D0C6DF002C9FA1 /* Project object */;
			proxyType = 1;
			remoteGlobalIDString = FE399C3027D0C6DF002C9FA1;
			remoteInfo = GB_1640_Shop;
		};
		FE399C5227D0C6E0002C9FA1 /* PBXContainerItemProxy */ = {
			isa = PBXContainerItemProxy;
			containerPortal = FE399C2927D0C6DF002C9FA1 /* Project object */;
			proxyType = 1;
			remoteGlobalIDString = FE399C3027D0C6DF002C9FA1;
			remoteInfo = GB_1640_Shop;
		};
/* End PBXContainerItemProxy section */

/* Begin PBXFileReference section */
		15A5A34E52A9C196FCEBA6A4 /* Pods_GB_1640_Shop.framework */ = {isa = PBXFileReference; explicitFileType = wrapper.framework; includeInIndex = 0; path = Pods_GB_1640_Shop.framework; sourceTree = BUILT_PRODUCTS_DIR; };
		20A9AFAEBA9171A3D59EE140 /* Pods-GB_1640_Shop-GB_1640_ShopUITests.debug.xcconfig */ = {isa = PBXFileReference; includeInIndex = 1; lastKnownFileType = text.xcconfig; name = "Pods-GB_1640_Shop-GB_1640_ShopUITests.debug.xcconfig"; path = "Target Support Files/Pods-GB_1640_Shop-GB_1640_ShopUITests/Pods-GB_1640_Shop-GB_1640_ShopUITests.debug.xcconfig"; sourceTree = "<group>"; };
		3A5DF1E30EFCEA25B4CBA8AD /* Pods_GB_1640_ShopTests.framework */ = {isa = PBXFileReference; explicitFileType = wrapper.framework; includeInIndex = 0; path = Pods_GB_1640_ShopTests.framework; sourceTree = BUILT_PRODUCTS_DIR; };
		7714967296786DE526DEA062 /* Pods-GB_1640_Shop-GB_1640_ShopUITests.release.xcconfig */ = {isa = PBXFileReference; includeInIndex = 1; lastKnownFileType = text.xcconfig; name = "Pods-GB_1640_Shop-GB_1640_ShopUITests.release.xcconfig"; path = "Target Support Files/Pods-GB_1640_Shop-GB_1640_ShopUITests/Pods-GB_1640_Shop-GB_1640_ShopUITests.release.xcconfig"; sourceTree = "<group>"; };
		88331D9CF7843FF4DCD7C375 /* Pods-GB_1640_Shop.release.xcconfig */ = {isa = PBXFileReference; includeInIndex = 1; lastKnownFileType = text.xcconfig; name = "Pods-GB_1640_Shop.release.xcconfig"; path = "Target Support Files/Pods-GB_1640_Shop/Pods-GB_1640_Shop.release.xcconfig"; sourceTree = "<group>"; };
		8A4DB73061008A2FC5D1127C /* Pods_GB_1640_Shop_GB_1640_ShopUITests.framework */ = {isa = PBXFileReference; explicitFileType = wrapper.framework; includeInIndex = 0; path = Pods_GB_1640_Shop_GB_1640_ShopUITests.framework; sourceTree = BUILT_PRODUCTS_DIR; };
		C90BED02A610CB2779294D06 /* Pods-GB_1640_ShopTests.release.xcconfig */ = {isa = PBXFileReference; includeInIndex = 1; lastKnownFileType = text.xcconfig; name = "Pods-GB_1640_ShopTests.release.xcconfig"; path = "Target Support Files/Pods-GB_1640_ShopTests/Pods-GB_1640_ShopTests.release.xcconfig"; sourceTree = "<group>"; };
		E47351D0B0CAF8F4736839B6 /* Pods-GB_1640_Shop.debug.xcconfig */ = {isa = PBXFileReference; includeInIndex = 1; lastKnownFileType = text.xcconfig; name = "Pods-GB_1640_Shop.debug.xcconfig"; path = "Target Support Files/Pods-GB_1640_Shop/Pods-GB_1640_Shop.debug.xcconfig"; sourceTree = "<group>"; };
		E8B42BAB9AFC033BE5433D67 /* Pods-GB_1640_ShopTests.debug.xcconfig */ = {isa = PBXFileReference; includeInIndex = 1; lastKnownFileType = text.xcconfig; name = "Pods-GB_1640_ShopTests.debug.xcconfig"; path = "Target Support Files/Pods-GB_1640_ShopTests/Pods-GB_1640_ShopTests.debug.xcconfig"; sourceTree = "<group>"; };
		FE01348328059B96000DB8B6 /* LoginViewController.swift */ = {isa = PBXFileReference; lastKnownFileType = sourcecode.swift; path = LoginViewController.swift; sourceTree = "<group>"; };
		FE0134872806D44A000DB8B6 /* UserDataViewController.swift */ = {isa = PBXFileReference; lastKnownFileType = sourcecode.swift; path = UserDataViewController.swift; sourceTree = "<group>"; };
		FE0134892806D8B3000DB8B6 /* AvatarImageView.swift */ = {isa = PBXFileReference; lastKnownFileType = sourcecode.swift; path = AvatarImageView.swift; sourceTree = "<group>"; };
		FE01348B280731F3000DB8B6 /* RegistrationViewController.swift */ = {isa = PBXFileReference; lastKnownFileType = sourcecode.swift; path = RegistrationViewController.swift; sourceTree = "<group>"; };
		FE01348E28081FB1000DB8B6 /* LoginViewModel.swift */ = {isa = PBXFileReference; lastKnownFileType = sourcecode.swift; path = LoginViewModel.swift; sourceTree = "<group>"; };
		FE0134902808205B000DB8B6 /* NetworkModel.swift */ = {isa = PBXFileReference; lastKnownFileType = sourcecode.swift; path = NetworkModel.swift; sourceTree = "<group>"; };
		FE013494280830E1000DB8B6 /* RegistrationViewModel.swift */ = {isa = PBXFileReference; lastKnownFileType = sourcecode.swift; path = RegistrationViewModel.swift; sourceTree = "<group>"; };
		FE013496280836CD000DB8B6 /* UserDataViewModel.swift */ = {isa = PBXFileReference; lastKnownFileType = sourcecode.swift; path = UserDataViewModel.swift; sourceTree = "<group>"; };
		FE2C11BC2811703F008EB888 /* GoodsDetailViewModel.swift */ = {isa = PBXFileReference; lastKnownFileType = sourcecode.swift; path = GoodsDetailViewModel.swift; sourceTree = "<group>"; };
		FE2C11BE28118271008EB888 /* FontSizes.swift */ = {isa = PBXFileReference; lastKnownFileType = sourcecode.swift; path = FontSizes.swift; sourceTree = "<group>"; };
		FE2DBF21280D5A5C0012F945 /* GoodsListViewController.swift */ = {isa = PBXFileReference; lastKnownFileType = sourcecode.swift; path = GoodsListViewController.swift; sourceTree = "<group>"; };
		FE2DBF23280D5AE50012F945 /* GoodsListTableViewCell.swift */ = {isa = PBXFileReference; lastKnownFileType = sourcecode.swift; path = GoodsListTableViewCell.swift; sourceTree = "<group>"; };
		FE2DBF24280D5AE50012F945 /* GoodsListTableViewCell.xib */ = {isa = PBXFileReference; lastKnownFileType = file.xib; path = GoodsListTableViewCell.xib; sourceTree = "<group>"; };
		FE2DBF27280D64DB0012F945 /* GoodsListViewModel.swift */ = {isa = PBXFileReference; lastKnownFileType = sourcecode.swift; path = GoodsListViewModel.swift; sourceTree = "<group>"; };
		FE399C3127D0C6DF002C9FA1 /* GB_1640_Shop.app */ = {isa = PBXFileReference; explicitFileType = wrapper.application; includeInIndex = 0; path = GB_1640_Shop.app; sourceTree = BUILT_PRODUCTS_DIR; };
		FE399C3427D0C6E0002C9FA1 /* AppDelegate.swift */ = {isa = PBXFileReference; lastKnownFileType = sourcecode.swift; path = AppDelegate.swift; sourceTree = "<group>"; };
		FE399C3627D0C6E0002C9FA1 /* SceneDelegate.swift */ = {isa = PBXFileReference; lastKnownFileType = sourcecode.swift; path = SceneDelegate.swift; sourceTree = "<group>"; };
		FE399C3D27D0C6E0002C9FA1 /* Assets.xcassets */ = {isa = PBXFileReference; lastKnownFileType = folder.assetcatalog; path = Assets.xcassets; sourceTree = "<group>"; };
		FE399C4027D0C6E0002C9FA1 /* Base */ = {isa = PBXFileReference; lastKnownFileType = file.storyboard; name = Base; path = Base.lproj/LaunchScreen.storyboard; sourceTree = "<group>"; };
		FE399C4227D0C6E0002C9FA1 /* Info.plist */ = {isa = PBXFileReference; lastKnownFileType = text.plist.xml; path = Info.plist; sourceTree = "<group>"; };
		FE399C4727D0C6E0002C9FA1 /* GB_1640_ShopTests.xctest */ = {isa = PBXFileReference; explicitFileType = wrapper.cfbundle; includeInIndex = 0; path = GB_1640_ShopTests.xctest; sourceTree = BUILT_PRODUCTS_DIR; };
		FE399C4B27D0C6E0002C9FA1 /* GB_1640_ShopTests.swift */ = {isa = PBXFileReference; lastKnownFileType = sourcecode.swift; path = GB_1640_ShopTests.swift; sourceTree = "<group>"; };
		FE399C5127D0C6E0002C9FA1 /* GB_1640_ShopUITests.xctest */ = {isa = PBXFileReference; explicitFileType = wrapper.cfbundle; includeInIndex = 0; path = GB_1640_ShopUITests.xctest; sourceTree = BUILT_PRODUCTS_DIR; };
		FE399C5527D0C6E0002C9FA1 /* GB_1640_ShopUITests.swift */ = {isa = PBXFileReference; lastKnownFileType = sourcecode.swift; path = GB_1640_ShopUITests.swift; sourceTree = "<group>"; };
		FE399C5727D0C6E0002C9FA1 /* GB_1640_ShopUITestsLaunchTests.swift */ = {isa = PBXFileReference; lastKnownFileType = sourcecode.swift; path = GB_1640_ShopUITestsLaunchTests.swift; sourceTree = "<group>"; };
		FE45B08D27F0908600E9F875 /* GB_1640_AuthTests.swift */ = {isa = PBXFileReference; lastKnownFileType = sourcecode.swift; path = GB_1640_AuthTests.swift; sourceTree = "<group>"; };
		FE45B08F27F09BD800E9F875 /* Good.swift */ = {isa = PBXFileReference; lastKnownFileType = sourcecode.swift; path = Good.swift; sourceTree = "<group>"; };
		FE45B09127F09C6700E9F875 /* GoodsList.swift */ = {isa = PBXFileReference; lastKnownFileType = sourcecode.swift; path = GoodsList.swift; sourceTree = "<group>"; };
		FE45B09527F09D4B00E9F875 /* GoodsRequestFactory.swift */ = {isa = PBXFileReference; lastKnownFileType = sourcecode.swift; path = GoodsRequestFactory.swift; sourceTree = "<group>"; };
		FE45B09727F09E6D00E9F875 /* Goods.swift */ = {isa = PBXFileReference; lastKnownFileType = sourcecode.swift; path = Goods.swift; sourceTree = "<group>"; };
		FE45B09927F0A01A00E9F875 /* GB_1640_GoodsTests.swift */ = {isa = PBXFileReference; lastKnownFileType = sourcecode.swift; path = GB_1640_GoodsTests.swift; sourceTree = "<group>"; };
		FE7CB06F2811B540006FC92A /* ReviewFooterView.xib */ = {isa = PBXFileReference; lastKnownFileType = file.xib; path = ReviewFooterView.xib; sourceTree = "<group>"; };
		FEA0C47828042A8E00565760 /* Basket.swift */ = {isa = PBXFileReference; lastKnownFileType = sourcecode.swift; path = Basket.swift; sourceTree = "<group>"; };
		FEA0C47A28042BB600565760 /* BasketRequestFactory.swift */ = {isa = PBXFileReference; lastKnownFileType = sourcecode.swift; path = BasketRequestFactory.swift; sourceTree = "<group>"; };
		FEA0C4802804345900565760 /* GB_1640_BasketTests.swift */ = {isa = PBXFileReference; lastKnownFileType = sourcecode.swift; path = GB_1640_BasketTests.swift; sourceTree = "<group>"; };
		FEAB426B280ED85900C22D17 /* GoodsDetailViewController.swift */ = {isa = PBXFileReference; lastKnownFileType = sourcecode.swift; path = GoodsDetailViewController.swift; sourceTree = "<group>"; };
		FEAB426D280EE30700C22D17 /* NavigationController+Ext.swift */ = {isa = PBXFileReference; lastKnownFileType = sourcecode.swift; path = "NavigationController+Ext.swift"; sourceTree = "<group>"; };
		FEAB42712811636B00C22D17 /* Reviews.swift */ = {isa = PBXFileReference; lastKnownFileType = sourcecode.swift; path = Reviews.swift; sourceTree = "<group>"; };
		FEAB42752811655D00C22D17 /* ReviewsTableViewCell.swift */ = {isa = PBXFileReference; lastKnownFileType = sourcecode.swift; path = ReviewsTableViewCell.swift; sourceTree = "<group>"; };
		FEAB42762811655D00C22D17 /* ReviewsTableViewCell.xib */ = {isa = PBXFileReference; lastKnownFileType = file.xib; path = ReviewsTableViewCell.xib; sourceTree = "<group>"; };
		FEC1EBA22811AE0C0051491E /* ReviewFooterView.swift */ = {isa = PBXFileReference; lastKnownFileType = sourcecode.swift; path = ReviewFooterView.swift; sourceTree = "<group>"; };
		FED7521727DA22A100E8AC56 /* AbstractErrorParser.swift */ = {isa = PBXFileReference; lastKnownFileType = sourcecode.swift; path = AbstractErrorParser.swift; sourceTree = "<group>"; };
		FED7521927DA22FC00E8AC56 /* ErrorParser.swift */ = {isa = PBXFileReference; lastKnownFileType = sourcecode.swift; path = ErrorParser.swift; sourceTree = "<group>"; };
		FED7521B27DA23A000E8AC56 /* DataRequest.swift */ = {isa = PBXFileReference; lastKnownFileType = sourcecode.swift; path = DataRequest.swift; sourceTree = "<group>"; };
		FED7522027DA265500E8AC56 /* AbstractRequestFactory.swift */ = {isa = PBXFileReference; lastKnownFileType = sourcecode.swift; path = AbstractRequestFactory.swift; sourceTree = "<group>"; };
		FED7522227DA26D700E8AC56 /* RequestRouter.swift */ = {isa = PBXFileReference; lastKnownFileType = sourcecode.swift; path = RequestRouter.swift; sourceTree = "<group>"; };
		FED7522727DA29D700E8AC56 /* User.swift */ = {isa = PBXFileReference; lastKnownFileType = sourcecode.swift; path = User.swift; sourceTree = "<group>"; };
		FED7522A27DA2A2100E8AC56 /* AuthRequestFactory.swift */ = {isa = PBXFileReference; lastKnownFileType = sourcecode.swift; path = AuthRequestFactory.swift; sourceTree = "<group>"; };
		FED7522C27DA2A9000E8AC56 /* Auth.swift */ = {isa = PBXFileReference; lastKnownFileType = sourcecode.swift; path = Auth.swift; sourceTree = "<group>"; };
		FED7522E27DA2CBE00E8AC56 /* RequestFactory.swift */ = {isa = PBXFileReference; lastKnownFileType = sourcecode.swift; path = RequestFactory.swift; sourceTree = "<group>"; };
		FED7523227DA371D00E8AC56 /* ResponseResult.swift */ = {isa = PBXFileReference; lastKnownFileType = sourcecode.swift; path = ResponseResult.swift; sourceTree = "<group>"; };
		FED7523A27DA428500E8AC56 /* MainView.storyboard */ = {isa = PBXFileReference; lastKnownFileType = file.storyboard; path = MainView.storyboard; sourceTree = "<group>"; };
		FEF7F6312809A9600022F138 /* KeyboardHelper.swift */ = {isa = PBXFileReference; lastKnownFileType = sourcecode.swift; path = KeyboardHelper.swift; sourceTree = "<group>"; };
		FEFD348027F722D500BBCE2F /* ReviewRequestFactory.swift */ = {isa = PBXFileReference; lastKnownFileType = sourcecode.swift; path = ReviewRequestFactory.swift; sourceTree = "<group>"; };
		FEFD348827F7242E00BBCE2F /* Review.swift */ = {isa = PBXFileReference; lastKnownFileType = sourcecode.swift; path = Review.swift; sourceTree = "<group>"; };
		FEFD348A27F728D700BBCE2F /* GB_1640_ReviewTests.swift */ = {isa = PBXFileReference; lastKnownFileType = sourcecode.swift; path = GB_1640_ReviewTests.swift; sourceTree = "<group>"; };
		FEFD348C27F7320F00BBCE2F /* ReviewListResponseResult.swift */ = {isa = PBXFileReference; lastKnownFileType = sourcecode.swift; path = ReviewListResponseResult.swift; sourceTree = "<group>"; };
/* End PBXFileReference section */

/* Begin PBXFrameworksBuildPhase section */
		FE399C2E27D0C6DF002C9FA1 /* Frameworks */ = {
			isa = PBXFrameworksBuildPhase;
			buildActionMask = 2147483647;
			files = (
				FED7521F27DA241400E8AC56 /* Alamofire in Frameworks */,
				E969D8CD0C385DC9EAD753EF /* Pods_GB_1640_Shop.framework in Frameworks */,
			);
			runOnlyForDeploymentPostprocessing = 0;
		};
		FE399C4427D0C6E0002C9FA1 /* Frameworks */ = {
			isa = PBXFrameworksBuildPhase;
			buildActionMask = 2147483647;
			files = (
				8B2DA0D6C2CC043DF3C62FD4 /* Pods_GB_1640_ShopTests.framework in Frameworks */,
			);
			runOnlyForDeploymentPostprocessing = 0;
		};
		FE399C4E27D0C6E0002C9FA1 /* Frameworks */ = {
			isa = PBXFrameworksBuildPhase;
			buildActionMask = 2147483647;
			files = (
				CB1FE90D994A20043E883613 /* Pods_GB_1640_Shop_GB_1640_ShopUITests.framework in Frameworks */,
			);
			runOnlyForDeploymentPostprocessing = 0;
		};
/* End PBXFrameworksBuildPhase section */

/* Begin PBXGroup section */
		053B0C77EA0B0017F870EFF1 /* Frameworks */ = {
			isa = PBXGroup;
			children = (
				15A5A34E52A9C196FCEBA6A4 /* Pods_GB_1640_Shop.framework */,
				8A4DB73061008A2FC5D1127C /* Pods_GB_1640_Shop_GB_1640_ShopUITests.framework */,
				3A5DF1E30EFCEA25B4CBA8AD /* Pods_GB_1640_ShopTests.framework */,
			);
			name = Frameworks;
			sourceTree = "<group>";
		};
		DA0CB0C36DDE51F9ED5807EC /* Pods */ = {
			isa = PBXGroup;
			children = (
				E47351D0B0CAF8F4736839B6 /* Pods-GB_1640_Shop.debug.xcconfig */,
				88331D9CF7843FF4DCD7C375 /* Pods-GB_1640_Shop.release.xcconfig */,
				20A9AFAEBA9171A3D59EE140 /* Pods-GB_1640_Shop-GB_1640_ShopUITests.debug.xcconfig */,
				7714967296786DE526DEA062 /* Pods-GB_1640_Shop-GB_1640_ShopUITests.release.xcconfig */,
				E8B42BAB9AFC033BE5433D67 /* Pods-GB_1640_ShopTests.debug.xcconfig */,
				C90BED02A610CB2779294D06 /* Pods-GB_1640_ShopTests.release.xcconfig */,
			);
			path = Pods;
			sourceTree = "<group>";
		};
		FE01348D28081F90000DB8B6 /* ViewModels */ = {
			isa = PBXGroup;
			children = (
				FE01348E28081FB1000DB8B6 /* LoginViewModel.swift */,
				FE013494280830E1000DB8B6 /* RegistrationViewModel.swift */,
				FE013496280836CD000DB8B6 /* UserDataViewModel.swift */,
				FE2DBF27280D64DB0012F945 /* GoodsListViewModel.swift */,
				FE2C11BC2811703F008EB888 /* GoodsDetailViewModel.swift */,
			);
			path = ViewModels;
			sourceTree = "<group>";
		};
		FE2DBF29280D99650012F945 /* GoodsView */ = {
			isa = PBXGroup;
			children = (
				FEAB42732811651900C22D17 /* GoodsList */,
				FEAB42742811652600C22D17 /* GoodsDetail */,
			);
			path = GoodsView;
			sourceTree = "<group>";
		};
		FE399C2827D0C6DF002C9FA1 = {
			isa = PBXGroup;
			children = (
				FE399C3327D0C6E0002C9FA1 /* GB_1640_Shop */,
				FE399C4A27D0C6E0002C9FA1 /* GB_1640_ShopTests */,
				FE399C5427D0C6E0002C9FA1 /* GB_1640_ShopUITests */,
				FE399C3227D0C6DF002C9FA1 /* Products */,
				DA0CB0C36DDE51F9ED5807EC /* Pods */,
				053B0C77EA0B0017F870EFF1 /* Frameworks */,
			);
			sourceTree = "<group>";
		};
		FE399C3227D0C6DF002C9FA1 /* Products */ = {
			isa = PBXGroup;
			children = (
				FE399C3127D0C6DF002C9FA1 /* GB_1640_Shop.app */,
				FE399C4727D0C6E0002C9FA1 /* GB_1640_ShopTests.xctest */,
				FE399C5127D0C6E0002C9FA1 /* GB_1640_ShopUITests.xctest */,
			);
			name = Products;
			sourceTree = "<group>";
		};
		FE399C3327D0C6E0002C9FA1 /* GB_1640_Shop */ = {
			isa = PBXGroup;
			children = (
				FE399C6427D0CAC7002C9FA1 /* App */,
				FE399C6927D0CB31002C9FA1 /* Core */,
				FE399C6A27D0CB4F002C9FA1 /* Resources */,
				FE399C6B27D0CB65002C9FA1 /* Environments */,
			);
			path = GB_1640_Shop;
			sourceTree = "<group>";
		};
		FE399C4A27D0C6E0002C9FA1 /* GB_1640_ShopTests */ = {
			isa = PBXGroup;
			children = (
				FE399C4B27D0C6E0002C9FA1 /* GB_1640_ShopTests.swift */,
				FE45B08D27F0908600E9F875 /* GB_1640_AuthTests.swift */,
				FE45B09927F0A01A00E9F875 /* GB_1640_GoodsTests.swift */,
				FEFD348A27F728D700BBCE2F /* GB_1640_ReviewTests.swift */,
				FEA0C4802804345900565760 /* GB_1640_BasketTests.swift */,
			);
			path = GB_1640_ShopTests;
			sourceTree = "<group>";
		};
		FE399C5427D0C6E0002C9FA1 /* GB_1640_ShopUITests */ = {
			isa = PBXGroup;
			children = (
				FE399C5527D0C6E0002C9FA1 /* GB_1640_ShopUITests.swift */,
				FE399C5727D0C6E0002C9FA1 /* GB_1640_ShopUITestsLaunchTests.swift */,
			);
			path = GB_1640_ShopUITests;
			sourceTree = "<group>";
		};
		FE399C6427D0CAC7002C9FA1 /* App */ = {
			isa = PBXGroup;
			children = (
				FE399C3427D0C6E0002C9FA1 /* AppDelegate.swift */,
				FE399C3627D0C6E0002C9FA1 /* SceneDelegate.swift */,
				FE399C6827D0CB1E002C9FA1 /* Flows */,
				FE399C6727D0CB01002C9FA1 /* Assembly */,
				FE399C6627D0CAF2002C9FA1 /* Entity */,
				FE399C6527D0CADF002C9FA1 /* BusinessLogic */,
			);
			path = App;
			sourceTree = "<group>";
		};
		FE399C6527D0CADF002C9FA1 /* BusinessLogic */ = {
			isa = PBXGroup;
			children = (
				FE01348D28081F90000DB8B6 /* ViewModels */,
				FED7522427DA291A00E8AC56 /* Network */,
			);
			path = BusinessLogic;
			sourceTree = "<group>";
		};
		FE399C6627D0CAF2002C9FA1 /* Entity */ = {
			isa = PBXGroup;
			children = (
				FED7522727DA29D700E8AC56 /* User.swift */,
				FED7523227DA371D00E8AC56 /* ResponseResult.swift */,
				FE45B08F27F09BD800E9F875 /* Good.swift */,
				FE45B09127F09C6700E9F875 /* GoodsList.swift */,
				FEFD348C27F7320F00BBCE2F /* ReviewListResponseResult.swift */,
				FEAB42712811636B00C22D17 /* Reviews.swift */,
				FE2C11BE28118271008EB888 /* FontSizes.swift */,
			);
			path = Entity;
			sourceTree = "<group>";
		};
		FE399C6727D0CB01002C9FA1 /* Assembly */ = {
			isa = PBXGroup;
			children = (
			);
			path = Assembly;
			sourceTree = "<group>";
		};
		FE399C6827D0CB1E002C9FA1 /* Flows */ = {
			isa = PBXGroup;
			children = (
				FED7523A27DA428500E8AC56 /* MainView.storyboard */,
				FE2DBF29280D99650012F945 /* GoodsView */,
				FE01348328059B96000DB8B6 /* LoginViewController.swift */,
				FE0134872806D44A000DB8B6 /* UserDataViewController.swift */,
				FE01348B280731F3000DB8B6 /* RegistrationViewController.swift */,
				FE0134892806D8B3000DB8B6 /* AvatarImageView.swift */,
			);
			path = Flows;
			sourceTree = "<group>";
		};
		FE399C6927D0CB31002C9FA1 /* Core */ = {
			isa = PBXGroup;
			children = (
				FED7521627DA226800E8AC56 /* Network */,
				FEF7F6312809A9600022F138 /* KeyboardHelper.swift */,
				FEAB426D280EE30700C22D17 /* NavigationController+Ext.swift */,
			);
			path = Core;
			sourceTree = "<group>";
		};
		FE399C6A27D0CB4F002C9FA1 /* Resources */ = {
			isa = PBXGroup;
			children = (
				FE399C3D27D0C6E0002C9FA1 /* Assets.xcassets */,
				FE399C3F27D0C6E0002C9FA1 /* LaunchScreen.storyboard */,
			);
			path = Resources;
			sourceTree = "<group>";
		};
		FE399C6B27D0CB65002C9FA1 /* Environments */ = {
			isa = PBXGroup;
			children = (
				FE399C4227D0C6E0002C9FA1 /* Info.plist */,
			);
			path = Environments;
			sourceTree = "<group>";
		};
		FEA0C4772804267000565760 /* Basket */ = {
			isa = PBXGroup;
			children = (
				FEA0C47828042A8E00565760 /* Basket.swift */,
				FEA0C47A28042BB600565760 /* BasketRequestFactory.swift */,
			);
			path = Basket;
			sourceTree = "<group>";
		};
		FEAB42732811651900C22D17 /* GoodsList */ = {
			isa = PBXGroup;
			children = (
				FE2DBF21280D5A5C0012F945 /* GoodsListViewController.swift */,
				FE2DBF23280D5AE50012F945 /* GoodsListTableViewCell.swift */,
				FE2DBF24280D5AE50012F945 /* GoodsListTableViewCell.xib */,
			);
			path = GoodsList;
			sourceTree = "<group>";
		};
		FEAB42742811652600C22D17 /* GoodsDetail */ = {
			isa = PBXGroup;
			children = (
				FEAB426B280ED85900C22D17 /* GoodsDetailViewController.swift */,
				FEAB42752811655D00C22D17 /* ReviewsTableViewCell.swift */,
				FEAB42762811655D00C22D17 /* ReviewsTableViewCell.xib */,
				FEC1EBA22811AE0C0051491E /* ReviewFooterView.swift */,
				FE7CB06F2811B540006FC92A /* ReviewFooterView.xib */,
			);
			path = GoodsDetail;
			sourceTree = "<group>";
		};
		FED7521627DA226800E8AC56 /* Network */ = {
			isa = PBXGroup;
			children = (
				FED7521727DA22A100E8AC56 /* AbstractErrorParser.swift */,
				FED7521927DA22FC00E8AC56 /* ErrorParser.swift */,
				FED7521B27DA23A000E8AC56 /* DataRequest.swift */,
				FED7522027DA265500E8AC56 /* AbstractRequestFactory.swift */,
				FED7522227DA26D700E8AC56 /* RequestRouter.swift */,
				FE0134902808205B000DB8B6 /* NetworkModel.swift */,
			);
			path = Network;
			sourceTree = "<group>";
		};
		FED7522427DA291A00E8AC56 /* Network */ = {
			isa = PBXGroup;
			children = (
				FED7522927DA2A1700E8AC56 /* Factory */,
			);
			path = Network;
			sourceTree = "<group>";
		};
		FED7522927DA2A1700E8AC56 /* Factory */ = {
			isa = PBXGroup;
			children = (
				FED7522E27DA2CBE00E8AC56 /* RequestFactory.swift */,
				FEFD347D27F71AAA00BBCE2F /* Auth */,
				FEFD347E27F71ACA00BBCE2F /* Goods */,
				FEA0C4772804267000565760 /* Basket */,
				FEFD347F27F71AED00BBCE2F /* Review */,
			);
			path = Factory;
			sourceTree = "<group>";
		};
		FEFD347D27F71AAA00BBCE2F /* Auth */ = {
			isa = PBXGroup;
			children = (
				FED7522C27DA2A9000E8AC56 /* Auth.swift */,
				FED7522A27DA2A2100E8AC56 /* AuthRequestFactory.swift */,
			);
			path = Auth;
			sourceTree = "<group>";
		};
		FEFD347E27F71ACA00BBCE2F /* Goods */ = {
			isa = PBXGroup;
			children = (
				FE45B09727F09E6D00E9F875 /* Goods.swift */,
				FE45B09527F09D4B00E9F875 /* GoodsRequestFactory.swift */,
			);
			path = Goods;
			sourceTree = "<group>";
		};
		FEFD347F27F71AED00BBCE2F /* Review */ = {
			isa = PBXGroup;
			children = (
				FEFD348827F7242E00BBCE2F /* Review.swift */,
				FEFD348027F722D500BBCE2F /* ReviewRequestFactory.swift */,
			);
			path = Review;
			sourceTree = "<group>";
		};
/* End PBXGroup section */

/* Begin PBXNativeTarget section */
		FE399C3027D0C6DF002C9FA1 /* GB_1640_Shop */ = {
			isa = PBXNativeTarget;
			buildConfigurationList = FE399C5B27D0C6E0002C9FA1 /* Build configuration list for PBXNativeTarget "GB_1640_Shop" */;
			buildPhases = (
				C3A851FB9C73EC04DA447924 /* [CP] Check Pods Manifest.lock */,
				FE399C2D27D0C6DF002C9FA1 /* Sources */,
				FE399C2E27D0C6DF002C9FA1 /* Frameworks */,
				FE399C2F27D0C6DF002C9FA1 /* Resources */,
				FEFD347C27F6FA0A00BBCE2F /* Lint */,
			);
			buildRules = (
			);
			dependencies = (
			);
			name = GB_1640_Shop;
			packageProductDependencies = (
				FED7521E27DA241400E8AC56 /* Alamofire */,
			);
			productName = GB_1640_Shop;
			productReference = FE399C3127D0C6DF002C9FA1 /* GB_1640_Shop.app */;
			productType = "com.apple.product-type.application";
		};
		FE399C4627D0C6E0002C9FA1 /* GB_1640_ShopTests */ = {
			isa = PBXNativeTarget;
			buildConfigurationList = FE399C5E27D0C6E0002C9FA1 /* Build configuration list for PBXNativeTarget "GB_1640_ShopTests" */;
			buildPhases = (
				15C6FFF6B6FDB600D7A23982 /* [CP] Check Pods Manifest.lock */,
				FE399C4327D0C6E0002C9FA1 /* Sources */,
				FE399C4427D0C6E0002C9FA1 /* Frameworks */,
				FE399C4527D0C6E0002C9FA1 /* Resources */,
			);
			buildRules = (
			);
			dependencies = (
				FE399C4927D0C6E0002C9FA1 /* PBXTargetDependency */,
			);
			name = GB_1640_ShopTests;
			productName = GB_1640_ShopTests;
			productReference = FE399C4727D0C6E0002C9FA1 /* GB_1640_ShopTests.xctest */;
			productType = "com.apple.product-type.bundle.unit-test";
		};
		FE399C5027D0C6E0002C9FA1 /* GB_1640_ShopUITests */ = {
			isa = PBXNativeTarget;
			buildConfigurationList = FE399C6127D0C6E0002C9FA1 /* Build configuration list for PBXNativeTarget "GB_1640_ShopUITests" */;
			buildPhases = (
				CE0FACEDE0CC9A9D0DBED83F /* [CP] Check Pods Manifest.lock */,
				FE399C4D27D0C6E0002C9FA1 /* Sources */,
				FE399C4E27D0C6E0002C9FA1 /* Frameworks */,
				FE399C4F27D0C6E0002C9FA1 /* Resources */,
			);
			buildRules = (
			);
			dependencies = (
				FE399C5327D0C6E0002C9FA1 /* PBXTargetDependency */,
			);
			name = GB_1640_ShopUITests;
			productName = GB_1640_ShopUITests;
			productReference = FE399C5127D0C6E0002C9FA1 /* GB_1640_ShopUITests.xctest */;
			productType = "com.apple.product-type.bundle.ui-testing";
		};
/* End PBXNativeTarget section */

/* Begin PBXProject section */
		FE399C2927D0C6DF002C9FA1 /* Project object */ = {
			isa = PBXProject;
			attributes = {
				BuildIndependentTargetsInParallel = 1;
				LastSwiftUpdateCheck = 1320;
				LastUpgradeCheck = 1320;
				TargetAttributes = {
					FE399C3027D0C6DF002C9FA1 = {
						CreatedOnToolsVersion = 13.2;
					};
					FE399C4627D0C6E0002C9FA1 = {
						CreatedOnToolsVersion = 13.2;
						TestTargetID = FE399C3027D0C6DF002C9FA1;
					};
					FE399C5027D0C6E0002C9FA1 = {
						CreatedOnToolsVersion = 13.2;
						TestTargetID = FE399C3027D0C6DF002C9FA1;
					};
				};
			};
			buildConfigurationList = FE399C2C27D0C6DF002C9FA1 /* Build configuration list for PBXProject "GB_1640_Shop" */;
			compatibilityVersion = "Xcode 13.0";
			developmentRegion = en;
			hasScannedForEncodings = 0;
			knownRegions = (
				en,
				Base,
			);
			mainGroup = FE399C2827D0C6DF002C9FA1;
			packageReferences = (
				FED7521D27DA241400E8AC56 /* XCRemoteSwiftPackageReference "Alamofire" */,
			);
			productRefGroup = FE399C3227D0C6DF002C9FA1 /* Products */;
			projectDirPath = "";
			projectRoot = "";
			targets = (
				FE399C3027D0C6DF002C9FA1 /* GB_1640_Shop */,
				FE399C4627D0C6E0002C9FA1 /* GB_1640_ShopTests */,
				FE399C5027D0C6E0002C9FA1 /* GB_1640_ShopUITests */,
			);
		};
/* End PBXProject section */

/* Begin PBXResourcesBuildPhase section */
		FE399C2F27D0C6DF002C9FA1 /* Resources */ = {
			isa = PBXResourcesBuildPhase;
			buildActionMask = 2147483647;
			files = (
				FE399C4127D0C6E0002C9FA1 /* LaunchScreen.storyboard in Resources */,
				FE7CB0702811B540006FC92A /* ReviewFooterView.xib in Resources */,
				FEAB42782811655D00C22D17 /* ReviewsTableViewCell.xib in Resources */,
				FED7523B27DA428500E8AC56 /* MainView.storyboard in Resources */,
				FE2DBF26280D5AE50012F945 /* GoodsListTableViewCell.xib in Resources */,
				FE399C3E27D0C6E0002C9FA1 /* Assets.xcassets in Resources */,
			);
			runOnlyForDeploymentPostprocessing = 0;
		};
		FE399C4527D0C6E0002C9FA1 /* Resources */ = {
			isa = PBXResourcesBuildPhase;
			buildActionMask = 2147483647;
			files = (
			);
			runOnlyForDeploymentPostprocessing = 0;
		};
		FE399C4F27D0C6E0002C9FA1 /* Resources */ = {
			isa = PBXResourcesBuildPhase;
			buildActionMask = 2147483647;
			files = (
			);
			runOnlyForDeploymentPostprocessing = 0;
		};
/* End PBXResourcesBuildPhase section */

/* Begin PBXShellScriptBuildPhase section */
		15C6FFF6B6FDB600D7A23982 /* [CP] Check Pods Manifest.lock */ = {
			isa = PBXShellScriptBuildPhase;
			buildActionMask = 2147483647;
			files = (
			);
			inputFileListPaths = (
			);
			inputPaths = (
				"${PODS_PODFILE_DIR_PATH}/Podfile.lock",
				"${PODS_ROOT}/Manifest.lock",
			);
			name = "[CP] Check Pods Manifest.lock";
			outputFileListPaths = (
			);
			outputPaths = (
				"$(DERIVED_FILE_DIR)/Pods-GB_1640_ShopTests-checkManifestLockResult.txt",
			);
			runOnlyForDeploymentPostprocessing = 0;
			shellPath = /bin/sh;
			shellScript = "diff \"${PODS_PODFILE_DIR_PATH}/Podfile.lock\" \"${PODS_ROOT}/Manifest.lock\" > /dev/null\nif [ $? != 0 ] ; then\n    # print error to STDERR\n    echo \"error: The sandbox is not in sync with the Podfile.lock. Run 'pod install' or update your CocoaPods installation.\" >&2\n    exit 1\nfi\n# This output is used by Xcode 'outputs' to avoid re-running this script phase.\necho \"SUCCESS\" > \"${SCRIPT_OUTPUT_FILE_0}\"\n";
			showEnvVarsInLog = 0;
		};
		C3A851FB9C73EC04DA447924 /* [CP] Check Pods Manifest.lock */ = {
			isa = PBXShellScriptBuildPhase;
			buildActionMask = 2147483647;
			files = (
			);
			inputFileListPaths = (
			);
			inputPaths = (
				"${PODS_PODFILE_DIR_PATH}/Podfile.lock",
				"${PODS_ROOT}/Manifest.lock",
			);
			name = "[CP] Check Pods Manifest.lock";
			outputFileListPaths = (
			);
			outputPaths = (
				"$(DERIVED_FILE_DIR)/Pods-GB_1640_Shop-checkManifestLockResult.txt",
			);
			runOnlyForDeploymentPostprocessing = 0;
			shellPath = /bin/sh;
			shellScript = "diff \"${PODS_PODFILE_DIR_PATH}/Podfile.lock\" \"${PODS_ROOT}/Manifest.lock\" > /dev/null\nif [ $? != 0 ] ; then\n    # print error to STDERR\n    echo \"error: The sandbox is not in sync with the Podfile.lock. Run 'pod install' or update your CocoaPods installation.\" >&2\n    exit 1\nfi\n# This output is used by Xcode 'outputs' to avoid re-running this script phase.\necho \"SUCCESS\" > \"${SCRIPT_OUTPUT_FILE_0}\"\n";
			showEnvVarsInLog = 0;
		};
		CE0FACEDE0CC9A9D0DBED83F /* [CP] Check Pods Manifest.lock */ = {
			isa = PBXShellScriptBuildPhase;
			buildActionMask = 2147483647;
			files = (
			);
			inputFileListPaths = (
			);
			inputPaths = (
				"${PODS_PODFILE_DIR_PATH}/Podfile.lock",
				"${PODS_ROOT}/Manifest.lock",
			);
			name = "[CP] Check Pods Manifest.lock";
			outputFileListPaths = (
			);
			outputPaths = (
				"$(DERIVED_FILE_DIR)/Pods-GB_1640_Shop-GB_1640_ShopUITests-checkManifestLockResult.txt",
			);
			runOnlyForDeploymentPostprocessing = 0;
			shellPath = /bin/sh;
			shellScript = "diff \"${PODS_PODFILE_DIR_PATH}/Podfile.lock\" \"${PODS_ROOT}/Manifest.lock\" > /dev/null\nif [ $? != 0 ] ; then\n    # print error to STDERR\n    echo \"error: The sandbox is not in sync with the Podfile.lock. Run 'pod install' or update your CocoaPods installation.\" >&2\n    exit 1\nfi\n# This output is used by Xcode 'outputs' to avoid re-running this script phase.\necho \"SUCCESS\" > \"${SCRIPT_OUTPUT_FILE_0}\"\n";
			showEnvVarsInLog = 0;
		};
		FEFD347C27F6FA0A00BBCE2F /* Lint */ = {
			isa = PBXShellScriptBuildPhase;
			buildActionMask = 2147483647;
			files = (
			);
			inputFileListPaths = (
			);
			inputPaths = (
			);
			name = Lint;
			outputFileListPaths = (
			);
			outputPaths = (
			);
			runOnlyForDeploymentPostprocessing = 0;
			shellPath = /bin/sh;
			shellScript = "# Type a script or drag a script file from your workspace to insert its path.\n\"${PODS_ROOT}/SwiftLint/swiftlint\" --config .swiftlint.yml\n";
		};
/* End PBXShellScriptBuildPhase section */

/* Begin PBXSourcesBuildPhase section */
		FE399C2D27D0C6DF002C9FA1 /* Sources */ = {
			isa = PBXSourcesBuildPhase;
			buildActionMask = 2147483647;
			files = (
				FE45B09027F09BD800E9F875 /* Good.swift in Sources */,
				FED7522F27DA2CBE00E8AC56 /* RequestFactory.swift in Sources */,
				FE45B09227F09C6700E9F875 /* GoodsList.swift in Sources */,
				FE0134912808205B000DB8B6 /* NetworkModel.swift in Sources */,
				FE01348428059B96000DB8B6 /* LoginViewController.swift in Sources */,
				FEF7F6322809A9600022F138 /* KeyboardHelper.swift in Sources */,
				FED7521827DA22A100E8AC56 /* AbstractErrorParser.swift in Sources */,
				FE013497280836CD000DB8B6 /* UserDataViewModel.swift in Sources */,
				FED7521C27DA23A000E8AC56 /* DataRequest.swift in Sources */,
				FEA0C47B28042BB600565760 /* BasketRequestFactory.swift in Sources */,
				FE2C11BF28118271008EB888 /* FontSizes.swift in Sources */,
				FE2DBF28280D64DB0012F945 /* GoodsListViewModel.swift in Sources */,
				FE0134882806D44A000DB8B6 /* UserDataViewController.swift in Sources */,
				FE01348F28081FB1000DB8B6 /* LoginViewModel.swift in Sources */,
				FEFD348927F7242E00BBCE2F /* Review.swift in Sources */,
				FEA0C47928042A8E00565760 /* Basket.swift in Sources */,
				FED7522B27DA2A2100E8AC56 /* AuthRequestFactory.swift in Sources */,
				FEAB426C280ED85900C22D17 /* GoodsDetailViewController.swift in Sources */,
				FEC1EBA42811AE0C0051491E /* ReviewFooterView.swift in Sources */,
				FED7523327DA371D00E8AC56 /* ResponseResult.swift in Sources */,
				FED7522327DA26D700E8AC56 /* RequestRouter.swift in Sources */,
				FE399C3527D0C6E0002C9FA1 /* AppDelegate.swift in Sources */,
				FE2DBF25280D5AE50012F945 /* GoodsListTableViewCell.swift in Sources */,
				FEAB42772811655D00C22D17 /* ReviewsTableViewCell.swift in Sources */,
				FE2C11BD2811703F008EB888 /* GoodsDetailViewModel.swift in Sources */,
				FE01348C280731F3000DB8B6 /* RegistrationViewController.swift in Sources */,
				FE013495280830E1000DB8B6 /* RegistrationViewModel.swift in Sources */,
				FEFD348127F722D500BBCE2F /* ReviewRequestFactory.swift in Sources */,
				FED7522D27DA2A9000E8AC56 /* Auth.swift in Sources */,
				FEAB426E280EE30700C22D17 /* NavigationController+Ext.swift in Sources */,
				FE45B09827F09E6D00E9F875 /* Goods.swift in Sources */,
				FED7522827DA29D700E8AC56 /* User.swift in Sources */,
				FE399C3727D0C6E0002C9FA1 /* SceneDelegate.swift in Sources */,
				FEAB42722811636B00C22D17 /* Reviews.swift in Sources */,
				FED7522127DA265500E8AC56 /* AbstractRequestFactory.swift in Sources */,
				FEFD348D27F7320F00BBCE2F /* ReviewListResponseResult.swift in Sources */,
				FE01348A2806D8B3000DB8B6 /* AvatarImageView.swift in Sources */,
				FE2DBF22280D5A5C0012F945 /* GoodsListViewController.swift in Sources */,
				FED7521A27DA22FC00E8AC56 /* ErrorParser.swift in Sources */,
				FE45B09627F09D4B00E9F875 /* GoodsRequestFactory.swift in Sources */,
			);
			runOnlyForDeploymentPostprocessing = 0;
		};
		FE399C4327D0C6E0002C9FA1 /* Sources */ = {
			isa = PBXSourcesBuildPhase;
			buildActionMask = 2147483647;
			files = (
				FE45B09A27F0A01A00E9F875 /* GB_1640_GoodsTests.swift in Sources */,
				FE399C4C27D0C6E0002C9FA1 /* GB_1640_ShopTests.swift in Sources */,
				FEA0C4812804345900565760 /* GB_1640_BasketTests.swift in Sources */,
				FE45B08E27F0908600E9F875 /* GB_1640_AuthTests.swift in Sources */,
				FEFD348B27F728D700BBCE2F /* GB_1640_ReviewTests.swift in Sources */,
			);
			runOnlyForDeploymentPostprocessing = 0;
		};
		FE399C4D27D0C6E0002C9FA1 /* Sources */ = {
			isa = PBXSourcesBuildPhase;
			buildActionMask = 2147483647;
			files = (
				FE399C5827D0C6E0002C9FA1 /* GB_1640_ShopUITestsLaunchTests.swift in Sources */,
				FE399C5627D0C6E0002C9FA1 /* GB_1640_ShopUITests.swift in Sources */,
			);
			runOnlyForDeploymentPostprocessing = 0;
		};
/* End PBXSourcesBuildPhase section */

/* Begin PBXTargetDependency section */
		FE399C4927D0C6E0002C9FA1 /* PBXTargetDependency */ = {
			isa = PBXTargetDependency;
			target = FE399C3027D0C6DF002C9FA1 /* GB_1640_Shop */;
			targetProxy = FE399C4827D0C6E0002C9FA1 /* PBXContainerItemProxy */;
		};
		FE399C5327D0C6E0002C9FA1 /* PBXTargetDependency */ = {
			isa = PBXTargetDependency;
			target = FE399C3027D0C6DF002C9FA1 /* GB_1640_Shop */;
			targetProxy = FE399C5227D0C6E0002C9FA1 /* PBXContainerItemProxy */;
		};
/* End PBXTargetDependency section */

/* Begin PBXVariantGroup section */
		FE399C3F27D0C6E0002C9FA1 /* LaunchScreen.storyboard */ = {
			isa = PBXVariantGroup;
			children = (
				FE399C4027D0C6E0002C9FA1 /* Base */,
			);
			name = LaunchScreen.storyboard;
			sourceTree = "<group>";
		};
/* End PBXVariantGroup section */

/* Begin XCBuildConfiguration section */
		FE399C5927D0C6E0002C9FA1 /* Debug */ = {
			isa = XCBuildConfiguration;
			buildSettings = {
				ALWAYS_SEARCH_USER_PATHS = NO;
				CLANG_ANALYZER_NONNULL = YES;
				CLANG_ANALYZER_NUMBER_OBJECT_CONVERSION = YES_AGGRESSIVE;
				CLANG_CXX_LANGUAGE_STANDARD = "gnu++17";
				CLANG_CXX_LIBRARY = "libc++";
				CLANG_ENABLE_MODULES = YES;
				CLANG_ENABLE_OBJC_ARC = YES;
				CLANG_ENABLE_OBJC_WEAK = YES;
				CLANG_WARN_BLOCK_CAPTURE_AUTORELEASING = YES;
				CLANG_WARN_BOOL_CONVERSION = YES;
				CLANG_WARN_COMMA = YES;
				CLANG_WARN_CONSTANT_CONVERSION = YES;
				CLANG_WARN_DEPRECATED_OBJC_IMPLEMENTATIONS = YES;
				CLANG_WARN_DIRECT_OBJC_ISA_USAGE = YES_ERROR;
				CLANG_WARN_DOCUMENTATION_COMMENTS = YES;
				CLANG_WARN_EMPTY_BODY = YES;
				CLANG_WARN_ENUM_CONVERSION = YES;
				CLANG_WARN_INFINITE_RECURSION = YES;
				CLANG_WARN_INT_CONVERSION = YES;
				CLANG_WARN_NON_LITERAL_NULL_CONVERSION = YES;
				CLANG_WARN_OBJC_IMPLICIT_RETAIN_SELF = YES;
				CLANG_WARN_OBJC_LITERAL_CONVERSION = YES;
				CLANG_WARN_OBJC_ROOT_CLASS = YES_ERROR;
				CLANG_WARN_QUOTED_INCLUDE_IN_FRAMEWORK_HEADER = YES;
				CLANG_WARN_RANGE_LOOP_ANALYSIS = YES;
				CLANG_WARN_STRICT_PROTOTYPES = YES;
				CLANG_WARN_SUSPICIOUS_MOVE = YES;
				CLANG_WARN_UNGUARDED_AVAILABILITY = YES_AGGRESSIVE;
				CLANG_WARN_UNREACHABLE_CODE = YES;
				CLANG_WARN__DUPLICATE_METHOD_MATCH = YES;
				COPY_PHASE_STRIP = NO;
				DEBUG_INFORMATION_FORMAT = dwarf;
				ENABLE_STRICT_OBJC_MSGSEND = YES;
				ENABLE_TESTABILITY = YES;
				GCC_C_LANGUAGE_STANDARD = gnu11;
				GCC_DYNAMIC_NO_PIC = NO;
				GCC_NO_COMMON_BLOCKS = YES;
				GCC_OPTIMIZATION_LEVEL = 0;
				GCC_PREPROCESSOR_DEFINITIONS = (
					"DEBUG=1",
					"$(inherited)",
				);
				GCC_WARN_64_TO_32_BIT_CONVERSION = YES;
				GCC_WARN_ABOUT_RETURN_TYPE = YES_ERROR;
				GCC_WARN_UNDECLARED_SELECTOR = YES;
				GCC_WARN_UNINITIALIZED_AUTOS = YES_AGGRESSIVE;
				GCC_WARN_UNUSED_FUNCTION = YES;
				GCC_WARN_UNUSED_VARIABLE = YES;
				IPHONEOS_DEPLOYMENT_TARGET = 15.2;
				MTL_ENABLE_DEBUG_INFO = INCLUDE_SOURCE;
				MTL_FAST_MATH = YES;
				ONLY_ACTIVE_ARCH = YES;
				SDKROOT = iphoneos;
				SWIFT_ACTIVE_COMPILATION_CONDITIONS = DEBUG;
				SWIFT_OPTIMIZATION_LEVEL = "-Onone";
			};
			name = Debug;
		};
		FE399C5A27D0C6E0002C9FA1 /* Release */ = {
			isa = XCBuildConfiguration;
			buildSettings = {
				ALWAYS_SEARCH_USER_PATHS = NO;
				CLANG_ANALYZER_NONNULL = YES;
				CLANG_ANALYZER_NUMBER_OBJECT_CONVERSION = YES_AGGRESSIVE;
				CLANG_CXX_LANGUAGE_STANDARD = "gnu++17";
				CLANG_CXX_LIBRARY = "libc++";
				CLANG_ENABLE_MODULES = YES;
				CLANG_ENABLE_OBJC_ARC = YES;
				CLANG_ENABLE_OBJC_WEAK = YES;
				CLANG_WARN_BLOCK_CAPTURE_AUTORELEASING = YES;
				CLANG_WARN_BOOL_CONVERSION = YES;
				CLANG_WARN_COMMA = YES;
				CLANG_WARN_CONSTANT_CONVERSION = YES;
				CLANG_WARN_DEPRECATED_OBJC_IMPLEMENTATIONS = YES;
				CLANG_WARN_DIRECT_OBJC_ISA_USAGE = YES_ERROR;
				CLANG_WARN_DOCUMENTATION_COMMENTS = YES;
				CLANG_WARN_EMPTY_BODY = YES;
				CLANG_WARN_ENUM_CONVERSION = YES;
				CLANG_WARN_INFINITE_RECURSION = YES;
				CLANG_WARN_INT_CONVERSION = YES;
				CLANG_WARN_NON_LITERAL_NULL_CONVERSION = YES;
				CLANG_WARN_OBJC_IMPLICIT_RETAIN_SELF = YES;
				CLANG_WARN_OBJC_LITERAL_CONVERSION = YES;
				CLANG_WARN_OBJC_ROOT_CLASS = YES_ERROR;
				CLANG_WARN_QUOTED_INCLUDE_IN_FRAMEWORK_HEADER = YES;
				CLANG_WARN_RANGE_LOOP_ANALYSIS = YES;
				CLANG_WARN_STRICT_PROTOTYPES = YES;
				CLANG_WARN_SUSPICIOUS_MOVE = YES;
				CLANG_WARN_UNGUARDED_AVAILABILITY = YES_AGGRESSIVE;
				CLANG_WARN_UNREACHABLE_CODE = YES;
				CLANG_WARN__DUPLICATE_METHOD_MATCH = YES;
				COPY_PHASE_STRIP = NO;
				DEBUG_INFORMATION_FORMAT = "dwarf-with-dsym";
				ENABLE_NS_ASSERTIONS = NO;
				ENABLE_STRICT_OBJC_MSGSEND = YES;
				GCC_C_LANGUAGE_STANDARD = gnu11;
				GCC_NO_COMMON_BLOCKS = YES;
				GCC_WARN_64_TO_32_BIT_CONVERSION = YES;
				GCC_WARN_ABOUT_RETURN_TYPE = YES_ERROR;
				GCC_WARN_UNDECLARED_SELECTOR = YES;
				GCC_WARN_UNINITIALIZED_AUTOS = YES_AGGRESSIVE;
				GCC_WARN_UNUSED_FUNCTION = YES;
				GCC_WARN_UNUSED_VARIABLE = YES;
				IPHONEOS_DEPLOYMENT_TARGET = 15.2;
				MTL_ENABLE_DEBUG_INFO = NO;
				MTL_FAST_MATH = YES;
				SDKROOT = iphoneos;
				SWIFT_COMPILATION_MODE = wholemodule;
				SWIFT_OPTIMIZATION_LEVEL = "-O";
				VALIDATE_PRODUCT = YES;
			};
			name = Release;
		};
		FE399C5C27D0C6E0002C9FA1 /* Debug */ = {
			isa = XCBuildConfiguration;
			baseConfigurationReference = E47351D0B0CAF8F4736839B6 /* Pods-GB_1640_Shop.debug.xcconfig */;
			buildSettings = {
				ASSETCATALOG_COMPILER_APPICON_NAME = AppIcon;
				ASSETCATALOG_COMPILER_GLOBAL_ACCENT_COLOR_NAME = AccentColor;
				CODE_SIGN_STYLE = Automatic;
				CURRENT_PROJECT_VERSION = 1;
				DEVELOPMENT_TEAM = Q3N89R8Y92;
				GENERATE_INFOPLIST_FILE = YES;
				INFOPLIST_FILE = GB_1640_Shop/Environments/Info.plist;
				INFOPLIST_KEY_UIApplicationSupportsIndirectInputEvents = YES;
				INFOPLIST_KEY_UILaunchStoryboardName = LaunchScreen;
				INFOPLIST_KEY_UIMainStoryboardFile = MainView;
				INFOPLIST_KEY_UISupportedInterfaceOrientations_iPad = "UIInterfaceOrientationPortrait UIInterfaceOrientationPortraitUpsideDown UIInterfaceOrientationLandscapeLeft UIInterfaceOrientationLandscapeRight";
				INFOPLIST_KEY_UISupportedInterfaceOrientations_iPhone = "UIInterfaceOrientationPortrait UIInterfaceOrientationLandscapeLeft UIInterfaceOrientationLandscapeRight";
				LD_RUNPATH_SEARCH_PATHS = (
					"$(inherited)",
					"@executable_path/Frameworks",
				);
				MARKETING_VERSION = 1.0;
				PRODUCT_BUNDLE_IDENTIFIER = "haunt.GB-1640-Shop";
				PRODUCT_NAME = "$(TARGET_NAME)";
				SWIFT_EMIT_LOC_STRINGS = YES;
				SWIFT_VERSION = 5.0;
				TARGETED_DEVICE_FAMILY = "1,2";
			};
			name = Debug;
		};
		FE399C5D27D0C6E0002C9FA1 /* Release */ = {
			isa = XCBuildConfiguration;
			baseConfigurationReference = 88331D9CF7843FF4DCD7C375 /* Pods-GB_1640_Shop.release.xcconfig */;
			buildSettings = {
				ASSETCATALOG_COMPILER_APPICON_NAME = AppIcon;
				ASSETCATALOG_COMPILER_GLOBAL_ACCENT_COLOR_NAME = AccentColor;
				CODE_SIGN_STYLE = Automatic;
				CURRENT_PROJECT_VERSION = 1;
				DEVELOPMENT_TEAM = Q3N89R8Y92;
				GENERATE_INFOPLIST_FILE = YES;
				INFOPLIST_FILE = GB_1640_Shop/Environments/Info.plist;
				INFOPLIST_KEY_UIApplicationSupportsIndirectInputEvents = YES;
				INFOPLIST_KEY_UILaunchStoryboardName = LaunchScreen;
				INFOPLIST_KEY_UIMainStoryboardFile = MainView;
				INFOPLIST_KEY_UISupportedInterfaceOrientations_iPad = "UIInterfaceOrientationPortrait UIInterfaceOrientationPortraitUpsideDown UIInterfaceOrientationLandscapeLeft UIInterfaceOrientationLandscapeRight";
				INFOPLIST_KEY_UISupportedInterfaceOrientations_iPhone = "UIInterfaceOrientationPortrait UIInterfaceOrientationLandscapeLeft UIInterfaceOrientationLandscapeRight";
				LD_RUNPATH_SEARCH_PATHS = (
					"$(inherited)",
					"@executable_path/Frameworks",
				);
				MARKETING_VERSION = 1.0;
				PRODUCT_BUNDLE_IDENTIFIER = "haunt.GB-1640-Shop";
				PRODUCT_NAME = "$(TARGET_NAME)";
				SWIFT_EMIT_LOC_STRINGS = YES;
				SWIFT_VERSION = 5.0;
				TARGETED_DEVICE_FAMILY = "1,2";
			};
			name = Release;
		};
		FE399C5F27D0C6E0002C9FA1 /* Debug */ = {
			isa = XCBuildConfiguration;
			baseConfigurationReference = E8B42BAB9AFC033BE5433D67 /* Pods-GB_1640_ShopTests.debug.xcconfig */;
			buildSettings = {
				ALWAYS_EMBED_SWIFT_STANDARD_LIBRARIES = YES;
				BUNDLE_LOADER = "$(TEST_HOST)";
				CODE_SIGN_STYLE = Automatic;
				CURRENT_PROJECT_VERSION = 1;
				DEVELOPMENT_TEAM = Q3N89R8Y92;
				GENERATE_INFOPLIST_FILE = YES;
				IPHONEOS_DEPLOYMENT_TARGET = 15.2;
				MARKETING_VERSION = 1.0;
				PRODUCT_BUNDLE_IDENTIFIER = "haunt.GB-1640-ShopTests";
				PRODUCT_NAME = "$(TARGET_NAME)";
				SWIFT_EMIT_LOC_STRINGS = NO;
				SWIFT_VERSION = 5.0;
				TARGETED_DEVICE_FAMILY = "1,2";
				TEST_HOST = "$(BUILT_PRODUCTS_DIR)/GB_1640_Shop.app/GB_1640_Shop";
			};
			name = Debug;
		};
		FE399C6027D0C6E0002C9FA1 /* Release */ = {
			isa = XCBuildConfiguration;
			baseConfigurationReference = C90BED02A610CB2779294D06 /* Pods-GB_1640_ShopTests.release.xcconfig */;
			buildSettings = {
				ALWAYS_EMBED_SWIFT_STANDARD_LIBRARIES = YES;
				BUNDLE_LOADER = "$(TEST_HOST)";
				CODE_SIGN_STYLE = Automatic;
				CURRENT_PROJECT_VERSION = 1;
				DEVELOPMENT_TEAM = Q3N89R8Y92;
				GENERATE_INFOPLIST_FILE = YES;
				IPHONEOS_DEPLOYMENT_TARGET = 15.2;
				MARKETING_VERSION = 1.0;
				PRODUCT_BUNDLE_IDENTIFIER = "haunt.GB-1640-ShopTests";
				PRODUCT_NAME = "$(TARGET_NAME)";
				SWIFT_EMIT_LOC_STRINGS = NO;
				SWIFT_VERSION = 5.0;
				TARGETED_DEVICE_FAMILY = "1,2";
				TEST_HOST = "$(BUILT_PRODUCTS_DIR)/GB_1640_Shop.app/GB_1640_Shop";
			};
			name = Release;
		};
		FE399C6227D0C6E0002C9FA1 /* Debug */ = {
			isa = XCBuildConfiguration;
			baseConfigurationReference = 20A9AFAEBA9171A3D59EE140 /* Pods-GB_1640_Shop-GB_1640_ShopUITests.debug.xcconfig */;
			buildSettings = {
				ALWAYS_EMBED_SWIFT_STANDARD_LIBRARIES = YES;
				CODE_SIGN_STYLE = Automatic;
				CURRENT_PROJECT_VERSION = 1;
				DEVELOPMENT_TEAM = Q3N89R8Y92;
				GENERATE_INFOPLIST_FILE = YES;
				MARKETING_VERSION = 1.0;
				PRODUCT_BUNDLE_IDENTIFIER = "haunt.GB-1640-ShopUITests";
				PRODUCT_NAME = "$(TARGET_NAME)";
				SWIFT_EMIT_LOC_STRINGS = NO;
				SWIFT_VERSION = 5.0;
				TARGETED_DEVICE_FAMILY = "1,2";
				TEST_TARGET_NAME = GB_1640_Shop;
			};
			name = Debug;
		};
		FE399C6327D0C6E0002C9FA1 /* Release */ = {
			isa = XCBuildConfiguration;
			baseConfigurationReference = 7714967296786DE526DEA062 /* Pods-GB_1640_Shop-GB_1640_ShopUITests.release.xcconfig */;
			buildSettings = {
				ALWAYS_EMBED_SWIFT_STANDARD_LIBRARIES = YES;
				CODE_SIGN_STYLE = Automatic;
				CURRENT_PROJECT_VERSION = 1;
				DEVELOPMENT_TEAM = Q3N89R8Y92;
				GENERATE_INFOPLIST_FILE = YES;
				MARKETING_VERSION = 1.0;
				PRODUCT_BUNDLE_IDENTIFIER = "haunt.GB-1640-ShopUITests";
				PRODUCT_NAME = "$(TARGET_NAME)";
				SWIFT_EMIT_LOC_STRINGS = NO;
				SWIFT_VERSION = 5.0;
				TARGETED_DEVICE_FAMILY = "1,2";
				TEST_TARGET_NAME = GB_1640_Shop;
			};
			name = Release;
		};
/* End XCBuildConfiguration section */

/* Begin XCConfigurationList section */
		FE399C2C27D0C6DF002C9FA1 /* Build configuration list for PBXProject "GB_1640_Shop" */ = {
			isa = XCConfigurationList;
			buildConfigurations = (
				FE399C5927D0C6E0002C9FA1 /* Debug */,
				FE399C5A27D0C6E0002C9FA1 /* Release */,
			);
			defaultConfigurationIsVisible = 0;
			defaultConfigurationName = Release;
		};
		FE399C5B27D0C6E0002C9FA1 /* Build configuration list for PBXNativeTarget "GB_1640_Shop" */ = {
			isa = XCConfigurationList;
			buildConfigurations = (
				FE399C5C27D0C6E0002C9FA1 /* Debug */,
				FE399C5D27D0C6E0002C9FA1 /* Release */,
			);
			defaultConfigurationIsVisible = 0;
			defaultConfigurationName = Release;
		};
		FE399C5E27D0C6E0002C9FA1 /* Build configuration list for PBXNativeTarget "GB_1640_ShopTests" */ = {
			isa = XCConfigurationList;
			buildConfigurations = (
				FE399C5F27D0C6E0002C9FA1 /* Debug */,
				FE399C6027D0C6E0002C9FA1 /* Release */,
			);
			defaultConfigurationIsVisible = 0;
			defaultConfigurationName = Release;
		};
		FE399C6127D0C6E0002C9FA1 /* Build configuration list for PBXNativeTarget "GB_1640_ShopUITests" */ = {
			isa = XCConfigurationList;
			buildConfigurations = (
				FE399C6227D0C6E0002C9FA1 /* Debug */,
				FE399C6327D0C6E0002C9FA1 /* Release */,
			);
			defaultConfigurationIsVisible = 0;
			defaultConfigurationName = Release;
		};
/* End XCConfigurationList section */

/* Begin XCRemoteSwiftPackageReference section */
		FED7521D27DA241400E8AC56 /* XCRemoteSwiftPackageReference "Alamofire" */ = {
			isa = XCRemoteSwiftPackageReference;
			repositoryURL = "https://github.com/Alamofire/Alamofire.git";
			requirement = {
				kind = upToNextMajorVersion;
				minimumVersion = 5.5.0;
			};
		};
/* End XCRemoteSwiftPackageReference section */

/* Begin XCSwiftPackageProductDependency section */
		FED7521E27DA241400E8AC56 /* Alamofire */ = {
			isa = XCSwiftPackageProductDependency;
			package = FED7521D27DA241400E8AC56 /* XCRemoteSwiftPackageReference "Alamofire" */;
			productName = Alamofire;
		};
/* End XCSwiftPackageProductDependency section */
	};
	rootObject = FE399C2927D0C6DF002C9FA1 /* Project object */;
}
