// !$*UTF8*$!
{
	archiveVersion = 1;
	classes = {
	};
	objectVersion = 55;
	objects = {

/* Begin PBXBuildFile section */
		FE399C3527D0C6E0002C9FA1 /* AppDelegate.swift in Sources */ = {isa = PBXBuildFile; fileRef = FE399C3427D0C6E0002C9FA1 /* AppDelegate.swift */; };
		FE399C3727D0C6E0002C9FA1 /* SceneDelegate.swift in Sources */ = {isa = PBXBuildFile; fileRef = FE399C3627D0C6E0002C9FA1 /* SceneDelegate.swift */; };
		FE399C3927D0C6E0002C9FA1 /* ViewController.swift in Sources */ = {isa = PBXBuildFile; fileRef = FE399C3827D0C6E0002C9FA1 /* ViewController.swift */; };
		FE399C3C27D0C6E0002C9FA1 /* Main.storyboard in Resources */ = {isa = PBXBuildFile; fileRef = FE399C3A27D0C6E0002C9FA1 /* Main.storyboard */; };
		FE399C3E27D0C6E0002C9FA1 /* Assets.xcassets in Resources */ = {isa = PBXBuildFile; fileRef = FE399C3D27D0C6E0002C9FA1 /* Assets.xcassets */; };
		FE399C4127D0C6E0002C9FA1 /* LaunchScreen.storyboard in Resources */ = {isa = PBXBuildFile; fileRef = FE399C3F27D0C6E0002C9FA1 /* LaunchScreen.storyboard */; };
		FE399C4C27D0C6E0002C9FA1 /* GB_1640_ShopTests.swift in Sources */ = {isa = PBXBuildFile; fileRef = FE399C4B27D0C6E0002C9FA1 /* GB_1640_ShopTests.swift */; };
		FE399C5627D0C6E0002C9FA1 /* GB_1640_ShopUITests.swift in Sources */ = {isa = PBXBuildFile; fileRef = FE399C5527D0C6E0002C9FA1 /* GB_1640_ShopUITests.swift */; };
		FE399C5827D0C6E0002C9FA1 /* GB_1640_ShopUITestsLaunchTests.swift in Sources */ = {isa = PBXBuildFile; fileRef = FE399C5727D0C6E0002C9FA1 /* GB_1640_ShopUITestsLaunchTests.swift */; };
/* End PBXBuildFile section */

/* Begin PBXContainerItemProxy section */
		FE399C4827D0C6E0002C9FA1 /* PBXContainerItemProxy */ = {
			isa = PBXContainerItemProxy;
			containerPortal = FE399C2927D0C6DF002C9FA1 /* Project object */;
			proxyType = 1;
			remoteGlobalIDString = FE399C3027D0C6DF002C9FA1;
			remoteInfo = GB_1640_Shop;
		};
		FE399C5227D0C6E0002C9FA1 /* PBXContainerItemProxy */ = {
			isa = PBXContainerItemProxy;
			containerPortal = FE399C2927D0C6DF002C9FA1 /* Project object */;
			proxyType = 1;
			remoteGlobalIDString = FE399C3027D0C6DF002C9FA1;
			remoteInfo = GB_1640_Shop;
		};
/* End PBXContainerItemProxy section */

/* Begin PBXFileReference section */
		FE399C3127D0C6DF002C9FA1 /* GB_1640_Shop.app */ = {isa = PBXFileReference; explicitFileType = wrapper.application; includeInIndex = 0; path = GB_1640_Shop.app; sourceTree = BUILT_PRODUCTS_DIR; };
		FE399C3427D0C6E0002C9FA1 /* AppDelegate.swift */ = {isa = PBXFileReference; lastKnownFileType = sourcecode.swift; path = AppDelegate.swift; sourceTree = "<group>"; };
		FE399C3627D0C6E0002C9FA1 /* SceneDelegate.swift */ = {isa = PBXFileReference; lastKnownFileType = sourcecode.swift; path = SceneDelegate.swift; sourceTree = "<group>"; };
		FE399C3827D0C6E0002C9FA1 /* ViewController.swift */ = {isa = PBXFileReference; lastKnownFileType = sourcecode.swift; path = ViewController.swift; sourceTree = "<group>"; };
		FE399C3B27D0C6E0002C9FA1 /* Base */ = {isa = PBXFileReference; lastKnownFileType = file.storyboard; name = Base; path = Base.lproj/Main.storyboard; sourceTree = "<group>"; };
		FE399C3D27D0C6E0002C9FA1 /* Assets.xcassets */ = {isa = PBXFileReference; lastKnownFileType = folder.assetcatalog; path = Assets.xcassets; sourceTree = "<group>"; };
		FE399C4027D0C6E0002C9FA1 /* Base */ = {isa = PBXFileReference; lastKnownFileType = file.storyboard; name = Base; path = Base.lproj/LaunchScreen.storyboard; sourceTree = "<group>"; };
		FE399C4227D0C6E0002C9FA1 /* Info.plist */ = {isa = PBXFileReference; lastKnownFileType = text.plist.xml; path = Info.plist; sourceTree = "<group>"; };
		FE399C4727D0C6E0002C9FA1 /* GB_1640_ShopTests.xctest */ = {isa = PBXFileReference; explicitFileType = wrapper.cfbundle; includeInIndex = 0; path = GB_1640_ShopTests.xctest; sourceTree = BUILT_PRODUCTS_DIR; };
		FE399C4B27D0C6E0002C9FA1 /* GB_1640_ShopTests.swift */ = {isa = PBXFileReference; lastKnownFileType = sourcecode.swift; path = GB_1640_ShopTests.swift; sourceTree = "<group>"; };
		FE399C5127D0C6E0002C9FA1 /* GB_1640_ShopUITests.xctest */ = {isa = PBXFileReference; explicitFileType = wrapper.cfbundle; includeInIndex = 0; path = GB_1640_ShopUITests.xctest; sourceTree = BUILT_PRODUCTS_DIR; };
		FE399C5527D0C6E0002C9FA1 /* GB_1640_ShopUITests.swift */ = {isa = PBXFileReference; lastKnownFileType = sourcecode.swift; path = GB_1640_ShopUITests.swift; sourceTree = "<group>"; };
		FE399C5727D0C6E0002C9FA1 /* GB_1640_ShopUITestsLaunchTests.swift */ = {isa = PBXFileReference; lastKnownFileType = sourcecode.swift; path = GB_1640_ShopUITestsLaunchTests.swift; sourceTree = "<group>"; };
/* End PBXFileReference section */

/* Begin PBXFrameworksBuildPhase section */
		FE399C2E27D0C6DF002C9FA1 /* Frameworks */ = {
			isa = PBXFrameworksBuildPhase;
			buildActionMask = 2147483647;
			files = (
			);
			runOnlyForDeploymentPostprocessing = 0;
		};
		FE399C4427D0C6E0002C9FA1 /* Frameworks */ = {
			isa = PBXFrameworksBuildPhase;
			buildActionMask = 2147483647;
			files = (
			);
			runOnlyForDeploymentPostprocessing = 0;
		};
		FE399C4E27D0C6E0002C9FA1 /* Frameworks */ = {
			isa = PBXFrameworksBuildPhase;
			buildActionMask = 2147483647;
			files = (
			);
			runOnlyForDeploymentPostprocessing = 0;
		};
/* End PBXFrameworksBuildPhase section */

/* Begin PBXGroup section */
		FE399C2827D0C6DF002C9FA1 = {
			isa = PBXGroup;
			children = (
				FE399C3327D0C6E0002C9FA1 /* GB_1640_Shop */,
				FE399C4A27D0C6E0002C9FA1 /* GB_1640_ShopTests */,
				FE399C5427D0C6E0002C9FA1 /* GB_1640_ShopUITests */,
				FE399C3227D0C6DF002C9FA1 /* Products */,
			);
			sourceTree = "<group>";
		};
		FE399C3227D0C6DF002C9FA1 /* Products */ = {
			isa = PBXGroup;
			children = (
				FE399C3127D0C6DF002C9FA1 /* GB_1640_Shop.app */,
				FE399C4727D0C6E0002C9FA1 /* GB_1640_ShopTests.xctest */,
				FE399C5127D0C6E0002C9FA1 /* GB_1640_ShopUITests.xctest */,
			);
			name = Products;
			sourceTree = "<group>";
		};
		FE399C3327D0C6E0002C9FA1 /* GB_1640_Shop */ = {
			isa = PBXGroup;
			children = (
				FE399C3427D0C6E0002C9FA1 /* AppDelegate.swift */,
				FE399C3627D0C6E0002C9FA1 /* SceneDelegate.swift */,
				FE399C3827D0C6E0002C9FA1 /* ViewController.swift */,
				FE399C3A27D0C6E0002C9FA1 /* Main.storyboard */,
				FE399C3D27D0C6E0002C9FA1 /* Assets.xcassets */,
				FE399C3F27D0C6E0002C9FA1 /* LaunchScreen.storyboard */,
				FE399C4227D0C6E0002C9FA1 /* Info.plist */,
			);
			path = GB_1640_Shop;
			sourceTree = "<group>";
		};
		FE399C4A27D0C6E0002C9FA1 /* GB_1640_ShopTests */ = {
			isa = PBXGroup;
			children = (
				FE399C4B27D0C6E0002C9FA1 /* GB_1640_ShopTests.swift */,
			);
			path = GB_1640_ShopTests;
			sourceTree = "<group>";
		};
		FE399C5427D0C6E0002C9FA1 /* GB_1640_ShopUITests */ = {
			isa = PBXGroup;
			children = (
				FE399C5527D0C6E0002C9FA1 /* GB_1640_ShopUITests.swift */,
				FE399C5727D0C6E0002C9FA1 /* GB_1640_ShopUITestsLaunchTests.swift */,
			);
			path = GB_1640_ShopUITests;
			sourceTree = "<group>";
		};
/* End PBXGroup section */

/* Begin PBXNativeTarget section */
		FE399C3027D0C6DF002C9FA1 /* GB_1640_Shop */ = {
			isa = PBXNativeTarget;
			buildConfigurationList = FE399C5B27D0C6E0002C9FA1 /* Build configuration list for PBXNativeTarget "GB_1640_Shop" */;
			buildPhases = (
				FE399C2D27D0C6DF002C9FA1 /* Sources */,
				FE399C2E27D0C6DF002C9FA1 /* Frameworks */,
				FE399C2F27D0C6DF002C9FA1 /* Resources */,
			);
			buildRules = (
			);
			dependencies = (
			);
			name = GB_1640_Shop;
			productName = GB_1640_Shop;
			productReference = FE399C3127D0C6DF002C9FA1 /* GB_1640_Shop.app */;
			productType = "com.apple.product-type.application";
		};
		FE399C4627D0C6E0002C9FA1 /* GB_1640_ShopTests */ = {
			isa = PBXNativeTarget;
			buildConfigurationList = FE399C5E27D0C6E0002C9FA1 /* Build configuration list for PBXNativeTarget "GB_1640_ShopTests" */;
			buildPhases = (
				FE399C4327D0C6E0002C9FA1 /* Sources */,
				FE399C4427D0C6E0002C9FA1 /* Frameworks */,
				FE399C4527D0C6E0002C9FA1 /* Resources */,
			);
			buildRules = (
			);
			dependencies = (
				FE399C4927D0C6E0002C9FA1 /* PBXTargetDependency */,
			);
			name = GB_1640_ShopTests;
			productName = GB_1640_ShopTests;
			productReference = FE399C4727D0C6E0002C9FA1 /* GB_1640_ShopTests.xctest */;
			productType = "com.apple.product-type.bundle.unit-test";
		};
		FE399C5027D0C6E0002C9FA1 /* GB_1640_ShopUITests */ = {
			isa = PBXNativeTarget;
			buildConfigurationList = FE399C6127D0C6E0002C9FA1 /* Build configuration list for PBXNativeTarget "GB_1640_ShopUITests" */;
			buildPhases = (
				FE399C4D27D0C6E0002C9FA1 /* Sources */,
				FE399C4E27D0C6E0002C9FA1 /* Frameworks */,
				FE399C4F27D0C6E0002C9FA1 /* Resources */,
			);
			buildRules = (
			);
			dependencies = (
				FE399C5327D0C6E0002C9FA1 /* PBXTargetDependency */,
			);
			name = GB_1640_ShopUITests;
			productName = GB_1640_ShopUITests;
			productReference = FE399C5127D0C6E0002C9FA1 /* GB_1640_ShopUITests.xctest */;
			productType = "com.apple.product-type.bundle.ui-testing";
		};
/* End PBXNativeTarget section */

/* Begin PBXProject section */
		FE399C2927D0C6DF002C9FA1 /* Project object */ = {
			isa = PBXProject;
			attributes = {
				BuildIndependentTargetsInParallel = 1;
				LastSwiftUpdateCheck = 1320;
				LastUpgradeCheck = 1320;
				TargetAttributes = {
					FE399C3027D0C6DF002C9FA1 = {
						CreatedOnToolsVersion = 13.2;
					};
					FE399C4627D0C6E0002C9FA1 = {
						CreatedOnToolsVersion = 13.2;
						TestTargetID = FE399C3027D0C6DF002C9FA1;
					};
					FE399C5027D0C6E0002C9FA1 = {
						CreatedOnToolsVersion = 13.2;
						TestTargetID = FE399C3027D0C6DF002C9FA1;
					};
				};
			};
			buildConfigurationList = FE399C2C27D0C6DF002C9FA1 /* Build configuration list for PBXProject "GB_1640_Shop" */;
			compatibilityVersion = "Xcode 13.0";
			developmentRegion = en;
			hasScannedForEncodings = 0;
			knownRegions = (
				en,
				Base,
			);
			mainGroup = FE399C2827D0C6DF002C9FA1;
			productRefGroup = FE399C3227D0C6DF002C9FA1 /* Products */;
			projectDirPath = "";
			projectRoot = "";
			targets = (
				FE399C3027D0C6DF002C9FA1 /* GB_1640_Shop */,
				FE399C4627D0C6E0002C9FA1 /* GB_1640_ShopTests */,
				FE399C5027D0C6E0002C9FA1 /* GB_1640_ShopUITests */,
			);
		};
/* End PBXProject section */

/* Begin PBXResourcesBuildPhase section */
		FE399C2F27D0C6DF002C9FA1 /* Resources */ = {
			isa = PBXResourcesBuildPhase;
			buildActionMask = 2147483647;
			files = (
				FE399C4127D0C6E0002C9FA1 /* LaunchScreen.storyboard in Resources */,
				FE399C3E27D0C6E0002C9FA1 /* Assets.xcassets in Resources */,
				FE399C3C27D0C6E0002C9FA1 /* Main.storyboard in Resources */,
			);
			runOnlyForDeploymentPostprocessing = 0;
		};
		FE399C4527D0C6E0002C9FA1 /* Resources */ = {
			isa = PBXResourcesBuildPhase;
			buildActionMask = 2147483647;
			files = (
			);
			runOnlyForDeploymentPostprocessing = 0;
		};
		FE399C4F27D0C6E0002C9FA1 /* Resources */ = {
			isa = PBXResourcesBuildPhase;
			buildActionMask = 2147483647;
			files = (
			);
			runOnlyForDeploymentPostprocessing = 0;
		};
/* End PBXResourcesBuildPhase section */

/* Begin PBXSourcesBuildPhase section */
		FE399C2D27D0C6DF002C9FA1 /* Sources */ = {
			isa = PBXSourcesBuildPhase;
			buildActionMask = 2147483647;
			files = (
				FE399C3927D0C6E0002C9FA1 /* ViewController.swift in Sources */,
				FE399C3527D0C6E0002C9FA1 /* AppDelegate.swift in Sources */,
				FE399C3727D0C6E0002C9FA1 /* SceneDelegate.swift in Sources */,
			);
			runOnlyForDeploymentPostprocessing = 0;
		};
		FE399C4327D0C6E0002C9FA1 /* Sources */ = {
			isa = PBXSourcesBuildPhase;
			buildActionMask = 2147483647;
			files = (
				FE399C4C27D0C6E0002C9FA1 /* GB_1640_ShopTests.swift in Sources */,
			);
			runOnlyForDeploymentPostprocessing = 0;
		};
		FE399C4D27D0C6E0002C9FA1 /* Sources */ = {
			isa = PBXSourcesBuildPhase;
			buildActionMask = 2147483647;
			files = (
				FE399C5827D0C6E0002C9FA1 /* GB_1640_ShopUITestsLaunchTests.swift in Sources */,
				FE399C5627D0C6E0002C9FA1 /* GB_1640_ShopUITests.swift in Sources */,
			);
			runOnlyForDeploymentPostprocessing = 0;
		};
/* End PBXSourcesBuildPhase section */

/* Begin PBXTargetDependency section */
		FE399C4927D0C6E0002C9FA1 /* PBXTargetDependency */ = {
			isa = PBXTargetDependency;
			target = FE399C3027D0C6DF002C9FA1 /* GB_1640_Shop */;
			targetProxy = FE399C4827D0C6E0002C9FA1 /* PBXContainerItemProxy */;
		};
		FE399C5327D0C6E0002C9FA1 /* PBXTargetDependency */ = {
			isa = PBXTargetDependency;
			target = FE399C3027D0C6DF002C9FA1 /* GB_1640_Shop */;
			targetProxy = FE399C5227D0C6E0002C9FA1 /* PBXContainerItemProxy */;
		};
/* End PBXTargetDependency section */

/* Begin PBXVariantGroup section */
		FE399C3A27D0C6E0002C9FA1 /* Main.storyboard */ = {
			isa = PBXVariantGroup;
			children = (
				FE399C3B27D0C6E0002C9FA1 /* Base */,
			);
			name = Main.storyboard;
			sourceTree = "<group>";
		};
		FE399C3F27D0C6E0002C9FA1 /* LaunchScreen.storyboard */ = {
			isa = PBXVariantGroup;
			children = (
				FE399C4027D0C6E0002C9FA1 /* Base */,
			);
			name = LaunchScreen.storyboard;
			sourceTree = "<group>";
		};
/* End PBXVariantGroup section */

/* Begin XCBuildConfiguration section */
		FE399C5927D0C6E0002C9FA1 /* Debug */ = {
			isa = XCBuildConfiguration;
			buildSettings = {
				ALWAYS_SEARCH_USER_PATHS = NO;
				CLANG_ANALYZER_NONNULL = YES;
				CLANG_ANALYZER_NUMBER_OBJECT_CONVERSION = YES_AGGRESSIVE;
				CLANG_CXX_LANGUAGE_STANDARD = "gnu++17";
				CLANG_CXX_LIBRARY = "libc++";
				CLANG_ENABLE_MODULES = YES;
				CLANG_ENABLE_OBJC_ARC = YES;
				CLANG_ENABLE_OBJC_WEAK = YES;
				CLANG_WARN_BLOCK_CAPTURE_AUTORELEASING = YES;
				CLANG_WARN_BOOL_CONVERSION = YES;
				CLANG_WARN_COMMA = YES;
				CLANG_WARN_CONSTANT_CONVERSION = YES;
				CLANG_WARN_DEPRECATED_OBJC_IMPLEMENTATIONS = YES;
				CLANG_WARN_DIRECT_OBJC_ISA_USAGE = YES_ERROR;
				CLANG_WARN_DOCUMENTATION_COMMENTS = YES;
				CLANG_WARN_EMPTY_BODY = YES;
				CLANG_WARN_ENUM_CONVERSION = YES;
				CLANG_WARN_INFINITE_RECURSION = YES;
				CLANG_WARN_INT_CONVERSION = YES;
				CLANG_WARN_NON_LITERAL_NULL_CONVERSION = YES;
				CLANG_WARN_OBJC_IMPLICIT_RETAIN_SELF = YES;
				CLANG_WARN_OBJC_LITERAL_CONVERSION = YES;
				CLANG_WARN_OBJC_ROOT_CLASS = YES_ERROR;
				CLANG_WARN_QUOTED_INCLUDE_IN_FRAMEWORK_HEADER = YES;
				CLANG_WARN_RANGE_LOOP_ANALYSIS = YES;
				CLANG_WARN_STRICT_PROTOTYPES = YES;
				CLANG_WARN_SUSPICIOUS_MOVE = YES;
				CLANG_WARN_UNGUARDED_AVAILABILITY = YES_AGGRESSIVE;
				CLANG_WARN_UNREACHABLE_CODE = YES;
				CLANG_WARN__DUPLICATE_METHOD_MATCH = YES;
				COPY_PHASE_STRIP = NO;
				DEBUG_INFORMATION_FORMAT = dwarf;
				ENABLE_STRICT_OBJC_MSGSEND = YES;
				ENABLE_TESTABILITY = YES;
				GCC_C_LANGUAGE_STANDARD = gnu11;
				GCC_DYNAMIC_NO_PIC = NO;
				GCC_NO_COMMON_BLOCKS = YES;
				GCC_OPTIMIZATION_LEVEL = 0;
				GCC_PREPROCESSOR_DEFINITIONS = (
					"DEBUG=1",
					"$(inherited)",
				);
				GCC_WARN_64_TO_32_BIT_CONVERSION = YES;
				GCC_WARN_ABOUT_RETURN_TYPE = YES_ERROR;
				GCC_WARN_UNDECLARED_SELECTOR = YES;
				GCC_WARN_UNINITIALIZED_AUTOS = YES_AGGRESSIVE;
				GCC_WARN_UNUSED_FUNCTION = YES;
				GCC_WARN_UNUSED_VARIABLE = YES;
				IPHONEOS_DEPLOYMENT_TARGET = 15.2;
				MTL_ENABLE_DEBUG_INFO = INCLUDE_SOURCE;
				MTL_FAST_MATH = YES;
				ONLY_ACTIVE_ARCH = YES;
				SDKROOT = iphoneos;
				SWIFT_ACTIVE_COMPILATION_CONDITIONS = DEBUG;
				SWIFT_OPTIMIZATION_LEVEL = "-Onone";
			};
			name = Debug;
		};
		FE399C5A27D0C6E0002C9FA1 /* Release */ = {
			isa = XCBuildConfiguration;
			buildSettings = {
				ALWAYS_SEARCH_USER_PATHS = NO;
				CLANG_ANALYZER_NONNULL = YES;
				CLANG_ANALYZER_NUMBER_OBJECT_CONVERSION = YES_AGGRESSIVE;
				CLANG_CXX_LANGUAGE_STANDARD = "gnu++17";
				CLANG_CXX_LIBRARY = "libc++";
				CLANG_ENABLE_MODULES = YES;
				CLANG_ENABLE_OBJC_ARC = YES;
				CLANG_ENABLE_OBJC_WEAK = YES;
				CLANG_WARN_BLOCK_CAPTURE_AUTORELEASING = YES;
				CLANG_WARN_BOOL_CONVERSION = YES;
				CLANG_WARN_COMMA = YES;
				CLANG_WARN_CONSTANT_CONVERSION = YES;
				CLANG_WARN_DEPRECATED_OBJC_IMPLEMENTATIONS = YES;
				CLANG_WARN_DIRECT_OBJC_ISA_USAGE = YES_ERROR;
				CLANG_WARN_DOCUMENTATION_COMMENTS = YES;
				CLANG_WARN_EMPTY_BODY = YES;
				CLANG_WARN_ENUM_CONVERSION = YES;
				CLANG_WARN_INFINITE_RECURSION = YES;
				CLANG_WARN_INT_CONVERSION = YES;
				CLANG_WARN_NON_LITERAL_NULL_CONVERSION = YES;
				CLANG_WARN_OBJC_IMPLICIT_RETAIN_SELF = YES;
				CLANG_WARN_OBJC_LITERAL_CONVERSION = YES;
				CLANG_WARN_OBJC_ROOT_CLASS = YES_ERROR;
				CLANG_WARN_QUOTED_INCLUDE_IN_FRAMEWORK_HEADER = YES;
				CLANG_WARN_RANGE_LOOP_ANALYSIS = YES;
				CLANG_WARN_STRICT_PROTOTYPES = YES;
				CLANG_WARN_SUSPICIOUS_MOVE = YES;
				CLANG_WARN_UNGUARDED_AVAILABILITY = YES_AGGRESSIVE;
				CLANG_WARN_UNREACHABLE_CODE = YES;
				CLANG_WARN__DUPLICATE_METHOD_MATCH = YES;
				COPY_PHASE_STRIP = NO;
				DEBUG_INFORMATION_FORMAT = "dwarf-with-dsym";
				ENABLE_NS_ASSERTIONS = NO;
				ENABLE_STRICT_OBJC_MSGSEND = YES;
				GCC_C_LANGUAGE_STANDARD = gnu11;
				GCC_NO_COMMON_BLOCKS = YES;
				GCC_WARN_64_TO_32_BIT_CONVERSION = YES;
				GCC_WARN_ABOUT_RETURN_TYPE = YES_ERROR;
				GCC_WARN_UNDECLARED_SELECTOR = YES;
				GCC_WARN_UNINITIALIZED_AUTOS = YES_AGGRESSIVE;
				GCC_WARN_UNUSED_FUNCTION = YES;
				GCC_WARN_UNUSED_VARIABLE = YES;
				IPHONEOS_DEPLOYMENT_TARGET = 15.2;
				MTL_ENABLE_DEBUG_INFO = NO;
				MTL_FAST_MATH = YES;
				SDKROOT = iphoneos;
				SWIFT_COMPILATION_MODE = wholemodule;
				SWIFT_OPTIMIZATION_LEVEL = "-O";
				VALIDATE_PRODUCT = YES;
			};
			name = Release;
		};
		FE399C5C27D0C6E0002C9FA1 /* Debug */ = {
			isa = XCBuildConfiguration;
			buildSettings = {
				ASSETCATALOG_COMPILER_APPICON_NAME = AppIcon;
				ASSETCATALOG_COMPILER_GLOBAL_ACCENT_COLOR_NAME = AccentColor;
				CODE_SIGN_STYLE = Automatic;
				CURRENT_PROJECT_VERSION = 1;
				DEVELOPMENT_TEAM = Q3N89R8Y92;
				GENERATE_INFOPLIST_FILE = YES;
				INFOPLIST_FILE = GB_1640_Shop/Info.plist;
				INFOPLIST_KEY_UIApplicationSupportsIndirectInputEvents = YES;
				INFOPLIST_KEY_UILaunchStoryboardName = LaunchScreen;
				INFOPLIST_KEY_UIMainStoryboardFile = Main;
				INFOPLIST_KEY_UISupportedInterfaceOrientations_iPad = "UIInterfaceOrientationPortrait UIInterfaceOrientationPortraitUpsideDown UIInterfaceOrientationLandscapeLeft UIInterfaceOrientationLandscapeRight";
				INFOPLIST_KEY_UISupportedInterfaceOrientations_iPhone = "UIInterfaceOrientationPortrait UIInterfaceOrientationLandscapeLeft UIInterfaceOrientationLandscapeRight";
				LD_RUNPATH_SEARCH_PATHS = (
					"$(inherited)",
					"@executable_path/Frameworks",
				);
				MARKETING_VERSION = 1.0;
				PRODUCT_BUNDLE_IDENTIFIER = "haunt.GB-1640-Shop";
				PRODUCT_NAME = "$(TARGET_NAME)";
				SWIFT_EMIT_LOC_STRINGS = YES;
				SWIFT_VERSION = 5.0;
				TARGETED_DEVICE_FAMILY = "1,2";
			};
			name = Debug;
		};
		FE399C5D27D0C6E0002C9FA1 /* Release */ = {
			isa = XCBuildConfiguration;
			buildSettings = {
				ASSETCATALOG_COMPILER_APPICON_NAME = AppIcon;
				ASSETCATALOG_COMPILER_GLOBAL_ACCENT_COLOR_NAME = AccentColor;
				CODE_SIGN_STYLE = Automatic;
				CURRENT_PROJECT_VERSION = 1;
				DEVELOPMENT_TEAM = Q3N89R8Y92;
				GENERATE_INFOPLIST_FILE = YES;
				INFOPLIST_FILE = GB_1640_Shop/Info.plist;
				INFOPLIST_KEY_UIApplicationSupportsIndirectInputEvents = YES;
				INFOPLIST_KEY_UILaunchStoryboardName = LaunchScreen;
				INFOPLIST_KEY_UIMainStoryboardFile = Main;
				INFOPLIST_KEY_UISupportedInterfaceOrientations_iPad = "UIInterfaceOrientationPortrait UIInterfaceOrientationPortraitUpsideDown UIInterfaceOrientationLandscapeLeft UIInterfaceOrientationLandscapeRight";
				INFOPLIST_KEY_UISupportedInterfaceOrientations_iPhone = "UIInterfaceOrientationPortrait UIInterfaceOrientationLandscapeLeft UIInterfaceOrientationLandscapeRight";
				LD_RUNPATH_SEARCH_PATHS = (
					"$(inherited)",
					"@executable_path/Frameworks",
				);
				MARKETING_VERSION = 1.0;
				PRODUCT_BUNDLE_IDENTIFIER = "haunt.GB-1640-Shop";
				PRODUCT_NAME = "$(TARGET_NAME)";
				SWIFT_EMIT_LOC_STRINGS = YES;
				SWIFT_VERSION = 5.0;
				TARGETED_DEVICE_FAMILY = "1,2";
			};
			name = Release;
		};
		FE399C5F27D0C6E0002C9FA1 /* Debug */ = {
			isa = XCBuildConfiguration;
			buildSettings = {
				ALWAYS_EMBED_SWIFT_STANDARD_LIBRARIES = YES;
				BUNDLE_LOADER = "$(TEST_HOST)";
				CODE_SIGN_STYLE = Automatic;
				CURRENT_PROJECT_VERSION = 1;
				DEVELOPMENT_TEAM = Q3N89R8Y92;
				GENERATE_INFOPLIST_FILE = YES;
				IPHONEOS_DEPLOYMENT_TARGET = 15.2;
				MARKETING_VERSION = 1.0;
				PRODUCT_BUNDLE_IDENTIFIER = "haunt.GB-1640-ShopTests";
				PRODUCT_NAME = "$(TARGET_NAME)";
				SWIFT_EMIT_LOC_STRINGS = NO;
				SWIFT_VERSION = 5.0;
				TARGETED_DEVICE_FAMILY = "1,2";
				TEST_HOST = "$(BUILT_PRODUCTS_DIR)/GB_1640_Shop.app/GB_1640_Shop";
			};
			name = Debug;
		};
		FE399C6027D0C6E0002C9FA1 /* Release */ = {
			isa = XCBuildConfiguration;
			buildSettings = {
				ALWAYS_EMBED_SWIFT_STANDARD_LIBRARIES = YES;
				BUNDLE_LOADER = "$(TEST_HOST)";
				CODE_SIGN_STYLE = Automatic;
				CURRENT_PROJECT_VERSION = 1;
				DEVELOPMENT_TEAM = Q3N89R8Y92;
				GENERATE_INFOPLIST_FILE = YES;
				IPHONEOS_DEPLOYMENT_TARGET = 15.2;
				MARKETING_VERSION = 1.0;
				PRODUCT_BUNDLE_IDENTIFIER = "haunt.GB-1640-ShopTests";
				PRODUCT_NAME = "$(TARGET_NAME)";
				SWIFT_EMIT_LOC_STRINGS = NO;
				SWIFT_VERSION = 5.0;
				TARGETED_DEVICE_FAMILY = "1,2";
				TEST_HOST = "$(BUILT_PRODUCTS_DIR)/GB_1640_Shop.app/GB_1640_Shop";
			};
			name = Release;
		};
		FE399C6227D0C6E0002C9FA1 /* Debug */ = {
			isa = XCBuildConfiguration;
			buildSettings = {
				ALWAYS_EMBED_SWIFT_STANDARD_LIBRARIES = YES;
				CODE_SIGN_STYLE = Automatic;
				CURRENT_PROJECT_VERSION = 1;
				DEVELOPMENT_TEAM = Q3N89R8Y92;
				GENERATE_INFOPLIST_FILE = YES;
				MARKETING_VERSION = 1.0;
				PRODUCT_BUNDLE_IDENTIFIER = "haunt.GB-1640-ShopUITests";
				PRODUCT_NAME = "$(TARGET_NAME)";
				SWIFT_EMIT_LOC_STRINGS = NO;
				SWIFT_VERSION = 5.0;
				TARGETED_DEVICE_FAMILY = "1,2";
				TEST_TARGET_NAME = GB_1640_Shop;
			};
			name = Debug;
		};
		FE399C6327D0C6E0002C9FA1 /* Release */ = {
			isa = XCBuildConfiguration;
			buildSettings = {
				ALWAYS_EMBED_SWIFT_STANDARD_LIBRARIES = YES;
				CODE_SIGN_STYLE = Automatic;
				CURRENT_PROJECT_VERSION = 1;
				DEVELOPMENT_TEAM = Q3N89R8Y92;
				GENERATE_INFOPLIST_FILE = YES;
				MARKETING_VERSION = 1.0;
				PRODUCT_BUNDLE_IDENTIFIER = "haunt.GB-1640-ShopUITests";
				PRODUCT_NAME = "$(TARGET_NAME)";
				SWIFT_EMIT_LOC_STRINGS = NO;
				SWIFT_VERSION = 5.0;
				TARGETED_DEVICE_FAMILY = "1,2";
				TEST_TARGET_NAME = GB_1640_Shop;
			};
			name = Release;
		};
/* End XCBuildConfiguration section */

/* Begin XCConfigurationList section */
		FE399C2C27D0C6DF002C9FA1 /* Build configuration list for PBXProject "GB_1640_Shop" */ = {
			isa = XCConfigurationList;
			buildConfigurations = (
				FE399C5927D0C6E0002C9FA1 /* Debug */,
				FE399C5A27D0C6E0002C9FA1 /* Release */,
			);
			defaultConfigurationIsVisible = 0;
			defaultConfigurationName = Release;
		};
		FE399C5B27D0C6E0002C9FA1 /* Build configuration list for PBXNativeTarget "GB_1640_Shop" */ = {
			isa = XCConfigurationList;
			buildConfigurations = (
				FE399C5C27D0C6E0002C9FA1 /* Debug */,
				FE399C5D27D0C6E0002C9FA1 /* Release */,
			);
			defaultConfigurationIsVisible = 0;
			defaultConfigurationName = Release;
		};
		FE399C5E27D0C6E0002C9FA1 /* Build configuration list for PBXNativeTarget "GB_1640_ShopTests" */ = {
			isa = XCConfigurationList;
			buildConfigurations = (
				FE399C5F27D0C6E0002C9FA1 /* Debug */,
				FE399C6027D0C6E0002C9FA1 /* Release */,
			);
			defaultConfigurationIsVisible = 0;
			defaultConfigurationName = Release;
		};
		FE399C6127D0C6E0002C9FA1 /* Build configuration list for PBXNativeTarget "GB_1640_ShopUITests" */ = {
			isa = XCConfigurationList;
			buildConfigurations = (
				FE399C6227D0C6E0002C9FA1 /* Debug */,
				FE399C6327D0C6E0002C9FA1 /* Release */,
			);
			defaultConfigurationIsVisible = 0;
			defaultConfigurationName = Release;
		};
/* End XCConfigurationList section */
	};
	rootObject = FE399C2927D0C6DF002C9FA1 /* Project object */;
}
